// !$*UTF8*$!
{
	archiveVersion = 1;
	classes = {
	};
	objectVersion = 56;
	objects = {

/* Begin PBXBuildFile section */
		367268D82BB2A107007E82E6 /* OneItem.swift in Sources */ = {isa = PBXBuildFile; fileRef = 367268D72BB2A107007E82E6 /* OneItem.swift */; };
		367268DA2BB2C480007E82E6 /* PaddingLabel.swift in Sources */ = {isa = PBXBuildFile; fileRef = 367268D92BB2C480007E82E6 /* PaddingLabel.swift */; };
		367268DC2BB2D1E3007E82E6 /* String + ext.swift in Sources */ = {isa = PBXBuildFile; fileRef = 367268DB2BB2D1E3007E82E6 /* String + ext.swift */; };
		369AB6192BA87E6600EBF483 /* Labels + ext.swift in Sources */ = {isa = PBXBuildFile; fileRef = 369AB6182BA87E6600EBF483 /* Labels + ext.swift */; };
		369AB61B2BA8833A00EBF483 /* UIImageView + ext.swift in Sources */ = {isa = PBXBuildFile; fileRef = 369AB61A2BA8833A00EBF483 /* UIImageView + ext.swift */; };
		369AB61F2BA88B6300EBF483 /* ConstColors.swift in Sources */ = {isa = PBXBuildFile; fileRef = 369AB61E2BA88B6300EBF483 /* ConstColors.swift */; };
		369AB62B2BA8BB6200EBF483 /* LabelsFactory.swift in Sources */ = {isa = PBXBuildFile; fileRef = 369AB62A2BA8BB6100EBF483 /* LabelsFactory.swift */; };
		369AB62D2BA8BB7800EBF483 /* ImageViewsFactory.swift in Sources */ = {isa = PBXBuildFile; fileRef = 369AB62C2BA8BB7800EBF483 /* ImageViewsFactory.swift */; };
		369AB62F2BA8CADB00EBF483 /* ButtonsFactory.swift in Sources */ = {isa = PBXBuildFile; fileRef = 369AB62E2BA8CADB00EBF483 /* ButtonsFactory.swift */; };
		369AB6312BA972C000EBF483 /* CompositionalLayout.swift in Sources */ = {isa = PBXBuildFile; fileRef = 369AB6302BA972C000EBF483 /* CompositionalLayout.swift */; };
		369AB6352BA9752A00EBF483 /* MockItem.swift in Sources */ = {isa = PBXBuildFile; fileRef = 369AB6342BA9752A00EBF483 /* MockItem.swift */; };
		369AB6392BA976EB00EBF483 /* ListSectionModel.swift in Sources */ = {isa = PBXBuildFile; fileRef = 369AB6382BA976EB00EBF483 /* ListSectionModel.swift */; };
		369AB63C2BA97A3800EBF483 /* CategoriesCell.swift in Sources */ = {isa = PBXBuildFile; fileRef = 369AB63B2BA97A3800EBF483 /* CategoriesCell.swift */; };
		369AB63E2BA97A5300EBF483 /* ArticleCouruselCell.swift in Sources */ = {isa = PBXBuildFile; fileRef = 369AB63D2BA97A5300EBF483 /* ArticleCouruselCell.swift */; };
		369AB6402BA97A6C00EBF483 /* RecomendedCell.swift in Sources */ = {isa = PBXBuildFile; fileRef = 369AB63F2BA97A6C00EBF483 /* RecomendedCell.swift */; };
		369AB6432BA9A07600EBF483 /* HeaderRecomendedView.swift in Sources */ = {isa = PBXBuildFile; fileRef = 369AB6422BA9A07600EBF483 /* HeaderRecomendedView.swift */; };
		369AB6472BA9C95400EBF483 /* SearchBarView.swift in Sources */ = {isa = PBXBuildFile; fileRef = 369AB6462BA9C95400EBF483 /* SearchBarView.swift */; };
		369AB6492BA9DB3C00EBF483 /* UIImage + ext.swift in Sources */ = {isa = PBXBuildFile; fileRef = 369AB6482BA9DB3C00EBF483 /* UIImage + ext.swift */; };
		369AB6522BAB29D100EBF483 /* DetailArticleView.swift in Sources */ = {isa = PBXBuildFile; fileRef = 369AB6512BAB29D000EBF483 /* DetailArticleView.swift */; };
		369AB6542BAB2A0200EBF483 /* DetailArticleViewController.swift in Sources */ = {isa = PBXBuildFile; fileRef = 369AB6532BAB2A0200EBF483 /* DetailArticleViewController.swift */; };
		369AB6562BAC3A5F00EBF483 /* DetailArticleRouter.swift in Sources */ = {isa = PBXBuildFile; fileRef = 369AB6552BAC3A5F00EBF483 /* DetailArticleRouter.swift */; };
		369AB6582BAC3AA700EBF483 /* DetailArticleBuilder.swift in Sources */ = {isa = PBXBuildFile; fileRef = 369AB6572BAC3AA700EBF483 /* DetailArticleBuilder.swift */; };
		369AB65A2BAC3DD000EBF483 /* DetailArticlePresenter.swift in Sources */ = {isa = PBXBuildFile; fileRef = 369AB6592BAC3DD000EBF483 /* DetailArticlePresenter.swift */; };
		369AB6632BAC4A5100EBF483 /* BookmarksView.swift in Sources */ = {isa = PBXBuildFile; fileRef = 369AB6622BAC4A5100EBF483 /* BookmarksView.swift */; };
		369AB6652BAC4A6B00EBF483 /* BookmarksViewController.swift in Sources */ = {isa = PBXBuildFile; fileRef = 369AB6642BAC4A6B00EBF483 /* BookmarksViewController.swift */; };
		369AB6672BAC4ACB00EBF483 /* BookmarksPresenter.swift in Sources */ = {isa = PBXBuildFile; fileRef = 369AB6662BAC4ACB00EBF483 /* BookmarksPresenter.swift */; };
		369AB6692BAC4B7D00EBF483 /* BookmarksRouter.swift in Sources */ = {isa = PBXBuildFile; fileRef = 369AB6682BAC4B7D00EBF483 /* BookmarksRouter.swift */; };
		369AB66B2BAC4C5B00EBF483 /* BookmarksBuilder.swift in Sources */ = {isa = PBXBuildFile; fileRef = 369AB66A2BAC4C5B00EBF483 /* BookmarksBuilder.swift */; };
		369AB66E2BAC5E6E00EBF483 /* BookmarksCell.swift in Sources */ = {isa = PBXBuildFile; fileRef = 369AB66D2BAC5E6E00EBF483 /* BookmarksCell.swift */; };
		369AB6772BAC8D6900EBF483 /* CategoriesBuilder.swift in Sources */ = {isa = PBXBuildFile; fileRef = 369AB6762BAC8D6800EBF483 /* CategoriesBuilder.swift */; };
		369AB6792BAC8E8200EBF483 /* CategoriesView.swift in Sources */ = {isa = PBXBuildFile; fileRef = 369AB6782BAC8E8200EBF483 /* CategoriesView.swift */; };
		369AB67B2BAC8EA800EBF483 /* CategoriesViewController.swift in Sources */ = {isa = PBXBuildFile; fileRef = 369AB67A2BAC8EA800EBF483 /* CategoriesViewController.swift */; };
		369AB67D2BAC8F2400EBF483 /* CategoriesPresenter.swift in Sources */ = {isa = PBXBuildFile; fileRef = 369AB67C2BAC8F2400EBF483 /* CategoriesPresenter.swift */; };
		369AB67F2BAC8F9800EBF483 /* CategoriesRouter.swift in Sources */ = {isa = PBXBuildFile; fileRef = 369AB67E2BAC8F9800EBF483 /* CategoriesRouter.swift */; };
		369AB6822BAD909A00EBF483 /* MockData.swift in Sources */ = {isa = PBXBuildFile; fileRef = 369AB6812BAD909A00EBF483 /* MockData.swift */; };
		369AB6842BAD962C00EBF483 /* CategoriesModel.swift in Sources */ = {isa = PBXBuildFile; fileRef = 369AB6832BAD962C00EBF483 /* CategoriesModel.swift */; };
		369AB68F2BADB11300EBF483 /* RecomendedView.swift in Sources */ = {isa = PBXBuildFile; fileRef = 369AB68E2BADB11300EBF483 /* RecomendedView.swift */; };
		369AB6912BADB1CD00EBF483 /* RecomendedViewController.swift in Sources */ = {isa = PBXBuildFile; fileRef = 369AB6902BADB1CD00EBF483 /* RecomendedViewController.swift */; };
		369AB6932BADB30700EBF483 /* RecomendedPresenter.swift in Sources */ = {isa = PBXBuildFile; fileRef = 369AB6922BADB30700EBF483 /* RecomendedPresenter.swift */; };
		369AB6952BADB41400EBF483 /* RecomendedBuilder.swift in Sources */ = {isa = PBXBuildFile; fileRef = 369AB6942BADB41400EBF483 /* RecomendedBuilder.swift */; };
		369AB6972BADB4D000EBF483 /* RecomendedRouter.swift in Sources */ = {isa = PBXBuildFile; fileRef = 369AB6962BADB4D000EBF483 /* RecomendedRouter.swift */; };
		369AB69B2BB16FA800EBF483 /* noImage.png in Resources */ = {isa = PBXBuildFile; fileRef = 369AB69A2BB16FA800EBF483 /* noImage.png */; };
		369AB69D2BB19D2200EBF483 /* SpinnersFactory.swift in Sources */ = {isa = PBXBuildFile; fileRef = 369AB69C2BB19D2200EBF483 /* SpinnersFactory.swift */; };
		A5CBDB9A2BA75DD500C81385 /* AppDelegate.swift in Sources */ = {isa = PBXBuildFile; fileRef = A5CBDB992BA75DD500C81385 /* AppDelegate.swift */; };
		A5CBDB9C2BA75DD500C81385 /* SceneDelegate.swift in Sources */ = {isa = PBXBuildFile; fileRef = A5CBDB9B2BA75DD500C81385 /* SceneDelegate.swift */; };
		A5CBDBA32BA75DD900C81385 /* Assets.xcassets in Resources */ = {isa = PBXBuildFile; fileRef = A5CBDBA22BA75DD900C81385 /* Assets.xcassets */; };
		A5CBDBA62BA75DD900C81385 /* LaunchScreen.storyboard in Resources */ = {isa = PBXBuildFile; fileRef = A5CBDBA42BA75DD900C81385 /* LaunchScreen.storyboard */; };
		A5CBDBBC2BA7618D00C81385 /* MainBuilder.swift in Sources */ = {isa = PBXBuildFile; fileRef = A5CBDBBB2BA7618D00C81385 /* MainBuilder.swift */; };
		A5CBDBC32BA7627F00C81385 /* MainPresenter.swift in Sources */ = {isa = PBXBuildFile; fileRef = A5CBDBC22BA7627F00C81385 /* MainPresenter.swift */; };
		A5CBDBC52BA7630F00C81385 /* MainRouter.swift in Sources */ = {isa = PBXBuildFile; fileRef = A5CBDBC42BA7630F00C81385 /* MainRouter.swift */; };
		A5CBDBC72BA7637700C81385 /* CustomViewController.swift in Sources */ = {isa = PBXBuildFile; fileRef = A5CBDBC62BA7637700C81385 /* CustomViewController.swift */; };
		A5CBDBC92BA7638500C81385 /* CustomView.swift in Sources */ = {isa = PBXBuildFile; fileRef = A5CBDBC82BA7638500C81385 /* CustomView.swift */; };
		A5CBDBCB2BA76E1200C81385 /* MainViewController.swift in Sources */ = {isa = PBXBuildFile; fileRef = A5CBDBCA2BA76E1200C81385 /* MainViewController.swift */; };
		A5CBDBCD2BA76E3D00C81385 /* MainView.swift in Sources */ = {isa = PBXBuildFile; fileRef = A5CBDBCC2BA76E3D00C81385 /* MainView.swift */; };
		A5CBDBE82BA772B300C81385 /* CustomTabBar.swift in Sources */ = {isa = PBXBuildFile; fileRef = A5CBDBE72BA772B300C81385 /* CustomTabBar.swift */; };
		A5CBDBEB2BA7734300C81385 /* UIBezierPath+createCurve.swift in Sources */ = {isa = PBXBuildFile; fileRef = A5CBDBEA2BA7734300C81385 /* UIBezierPath+createCurve.swift */; };
		A5CBDBED2BA776C100C81385 /* TabBarPresenter.swift in Sources */ = {isa = PBXBuildFile; fileRef = A5CBDBEC2BA776C100C81385 /* TabBarPresenter.swift */; };
		A5CBDBF62BA77C1000C81385 /* ProfilePresenter.swift in Sources */ = {isa = PBXBuildFile; fileRef = A5CBDBF52BA77C1000C81385 /* ProfilePresenter.swift */; };
		A5CBDBF82BA77E0100C81385 /* ProfileRouter.swift in Sources */ = {isa = PBXBuildFile; fileRef = A5CBDBF72BA77E0100C81385 /* ProfileRouter.swift */; };
		A5CBDBFA2BA77F4900C81385 /* ProfileViewController.swift in Sources */ = {isa = PBXBuildFile; fileRef = A5CBDBF92BA77F4900C81385 /* ProfileViewController.swift */; };
		A5CBDBFC2BA77F8000C81385 /* ProfileView.swift in Sources */ = {isa = PBXBuildFile; fileRef = A5CBDBFB2BA77F8000C81385 /* ProfileView.swift */; };
		A5CBDBFE2BA77FEB00C81385 /* ProfileBuilder.swift in Sources */ = {isa = PBXBuildFile; fileRef = A5CBDBFD2BA77FEB00C81385 /* ProfileBuilder.swift */; };
		A5CBDC012BA7ABC000C81385 /* SnapKit in Frameworks */ = {isa = PBXBuildFile; productRef = A5CBDC002BA7ABC000C81385 /* SnapKit */; };
		A5CBDC042BA7ABCD00C81385 /* IQKeyboardManagerSwift in Frameworks */ = {isa = PBXBuildFile; productRef = A5CBDC032BA7ABCD00C81385 /* IQKeyboardManagerSwift */; };
		A5CBDC072BA7AD2100C81385 /* FirebaseAnalytics in Frameworks */ = {isa = PBXBuildFile; productRef = A5CBDC062BA7AD2100C81385 /* FirebaseAnalytics */; };
		A5CBDC092BA7AD2100C81385 /* FirebaseAnalyticsOnDeviceConversion in Frameworks */ = {isa = PBXBuildFile; productRef = A5CBDC082BA7AD2100C81385 /* FirebaseAnalyticsOnDeviceConversion */; };
		A5CBDC0B2BA7AD2100C81385 /* FirebaseAnalyticsSwift in Frameworks */ = {isa = PBXBuildFile; productRef = A5CBDC0A2BA7AD2100C81385 /* FirebaseAnalyticsSwift */; };
		A5CBDC0D2BA7AD2100C81385 /* FirebaseAnalyticsWithoutAdIdSupport in Frameworks */ = {isa = PBXBuildFile; productRef = A5CBDC0C2BA7AD2100C81385 /* FirebaseAnalyticsWithoutAdIdSupport */; };
		A5CBDC0F2BA7AD2100C81385 /* FirebaseAppCheck in Frameworks */ = {isa = PBXBuildFile; productRef = A5CBDC0E2BA7AD2100C81385 /* FirebaseAppCheck */; };
		A5CBDC112BA7AD2100C81385 /* FirebaseAppDistribution-Beta in Frameworks */ = {isa = PBXBuildFile; productRef = A5CBDC102BA7AD2100C81385 /* FirebaseAppDistribution-Beta */; };
		A5CBDC132BA7AD2100C81385 /* FirebaseAuth in Frameworks */ = {isa = PBXBuildFile; productRef = A5CBDC122BA7AD2100C81385 /* FirebaseAuth */; };
		A5CBDC152BA7AD2100C81385 /* FirebaseAuthCombine-Community in Frameworks */ = {isa = PBXBuildFile; productRef = A5CBDC142BA7AD2100C81385 /* FirebaseAuthCombine-Community */; };
		A5CBDC172BA7AD2100C81385 /* FirebaseCrashlytics in Frameworks */ = {isa = PBXBuildFile; productRef = A5CBDC162BA7AD2100C81385 /* FirebaseCrashlytics */; };
		A5CBDC192BA7AD2100C81385 /* FirebaseDatabase in Frameworks */ = {isa = PBXBuildFile; productRef = A5CBDC182BA7AD2100C81385 /* FirebaseDatabase */; };
		A5CBDC1B2BA7AD2100C81385 /* FirebaseDatabaseSwift in Frameworks */ = {isa = PBXBuildFile; productRef = A5CBDC1A2BA7AD2100C81385 /* FirebaseDatabaseSwift */; };
		A5CBDC1D2BA7AD2100C81385 /* FirebaseDynamicLinks in Frameworks */ = {isa = PBXBuildFile; productRef = A5CBDC1C2BA7AD2100C81385 /* FirebaseDynamicLinks */; };
		A5CBDC1F2BA7AD2100C81385 /* FirebaseFirestore in Frameworks */ = {isa = PBXBuildFile; productRef = A5CBDC1E2BA7AD2100C81385 /* FirebaseFirestore */; };
		A5CBDC212BA7AD2100C81385 /* FirebaseFirestoreCombine-Community in Frameworks */ = {isa = PBXBuildFile; productRef = A5CBDC202BA7AD2100C81385 /* FirebaseFirestoreCombine-Community */; };
		A5CBDC232BA7AD2100C81385 /* FirebaseFirestoreSwift in Frameworks */ = {isa = PBXBuildFile; productRef = A5CBDC222BA7AD2100C81385 /* FirebaseFirestoreSwift */; };
		A5CBDC252BA7AD2100C81385 /* FirebaseFunctions in Frameworks */ = {isa = PBXBuildFile; productRef = A5CBDC242BA7AD2100C81385 /* FirebaseFunctions */; };
		A5CBDC272BA7AD2100C81385 /* FirebaseFunctionsCombine-Community in Frameworks */ = {isa = PBXBuildFile; productRef = A5CBDC262BA7AD2100C81385 /* FirebaseFunctionsCombine-Community */; };
		A5CBDC292BA7AD2100C81385 /* FirebaseInAppMessaging-Beta in Frameworks */ = {isa = PBXBuildFile; productRef = A5CBDC282BA7AD2100C81385 /* FirebaseInAppMessaging-Beta */; };
		A5CBDC2B2BA7AD2100C81385 /* FirebaseInAppMessagingSwift-Beta in Frameworks */ = {isa = PBXBuildFile; productRef = A5CBDC2A2BA7AD2100C81385 /* FirebaseInAppMessagingSwift-Beta */; };
		A5CBDC2D2BA7AD2100C81385 /* FirebaseInstallations in Frameworks */ = {isa = PBXBuildFile; productRef = A5CBDC2C2BA7AD2100C81385 /* FirebaseInstallations */; };
		A5CBDC2F2BA7AD2100C81385 /* FirebaseMLModelDownloader in Frameworks */ = {isa = PBXBuildFile; productRef = A5CBDC2E2BA7AD2100C81385 /* FirebaseMLModelDownloader */; };
		A5CBDC312BA7AD2100C81385 /* FirebaseMessaging in Frameworks */ = {isa = PBXBuildFile; productRef = A5CBDC302BA7AD2100C81385 /* FirebaseMessaging */; };
		A5CBDC332BA7AD2100C81385 /* FirebasePerformance in Frameworks */ = {isa = PBXBuildFile; productRef = A5CBDC322BA7AD2100C81385 /* FirebasePerformance */; };
		A5CBDC352BA7AD2100C81385 /* FirebaseRemoteConfig in Frameworks */ = {isa = PBXBuildFile; productRef = A5CBDC342BA7AD2100C81385 /* FirebaseRemoteConfig */; };
		A5CBDC372BA7AD2200C81385 /* FirebaseRemoteConfigSwift in Frameworks */ = {isa = PBXBuildFile; productRef = A5CBDC362BA7AD2200C81385 /* FirebaseRemoteConfigSwift */; };
		A5CBDC392BA7AD2200C81385 /* FirebaseStorage in Frameworks */ = {isa = PBXBuildFile; productRef = A5CBDC382BA7AD2200C81385 /* FirebaseStorage */; };
		A5CBDC3B2BA7AD2200C81385 /* FirebaseStorageCombine-Community in Frameworks */ = {isa = PBXBuildFile; productRef = A5CBDC3A2BA7AD2200C81385 /* FirebaseStorageCombine-Community */; };
		A5CBDC3E2BA7AD3700C81385 /* GoogleSignIn in Frameworks */ = {isa = PBXBuildFile; productRef = A5CBDC3D2BA7AD3700C81385 /* GoogleSignIn */; };
		A5CBDC402BA7AD3700C81385 /* GoogleSignInSwift in Frameworks */ = {isa = PBXBuildFile; productRef = A5CBDC3F2BA7AD3700C81385 /* GoogleSignInSwift */; };
		A5CBDC432BA7AE5E00C81385 /* Localizable.strings in Resources */ = {isa = PBXBuildFile; fileRef = A5CBDC452BA7AE5E00C81385 /* Localizable.strings */; };
		D97126CA2BA7906000FF3048 /* Inter-Medium.ttf in Resources */ = {isa = PBXBuildFile; fileRef = D97126C52BA7906000FF3048 /* Inter-Medium.ttf */; };
		D97126CB2BA7906000FF3048 /* Adamina-Regular.ttf in Resources */ = {isa = PBXBuildFile; fileRef = D97126C62BA7906000FF3048 /* Adamina-Regular.ttf */; };
		D97126CC2BA7906000FF3048 /* Inter-SemiBold.ttf in Resources */ = {isa = PBXBuildFile; fileRef = D97126C72BA7906000FF3048 /* Inter-SemiBold.ttf */; };
		D97126CD2BA7906000FF3048 /* Inter-Regular.ttf in Resources */ = {isa = PBXBuildFile; fileRef = D97126C82BA7906000FF3048 /* Inter-Regular.ttf */; };
		D97126CE2BA7906000FF3048 /* Inter-Bold.ttf in Resources */ = {isa = PBXBuildFile; fileRef = D97126C92BA7906000FF3048 /* Inter-Bold.ttf */; };
		D97126D02BA7910C00FF3048 /* Fonts.swift in Sources */ = {isa = PBXBuildFile; fileRef = D97126CF2BA7910C00FF3048 /* Fonts.swift */; };
		D97126E22BA7A2AC00FF3048 /* angle-right.png in Resources */ = {isa = PBXBuildFile; fileRef = D97126D22BA7A2AB00FF3048 /* angle-right.png */; };
		D97126E32BA7A2AC00FF3048 /* categories-selected.png in Resources */ = {isa = PBXBuildFile; fileRef = D97126D32BA7A2AB00FF3048 /* categories-selected.png */; };
		D97126E42BA7A2AC00FF3048 /* main.png in Resources */ = {isa = PBXBuildFile; fileRef = D97126D42BA7A2AB00FF3048 /* main.png */; };
		D97126E52BA7A2AC00FF3048 /* user-selected.png in Resources */ = {isa = PBXBuildFile; fileRef = D97126D52BA7A2AB00FF3048 /* user-selected.png */; };
		D97126E62BA7A2AC00FF3048 /* email.png in Resources */ = {isa = PBXBuildFile; fileRef = D97126D62BA7A2AB00FF3048 /* email.png */; };
		D97126E72BA7A2AC00FF3048 /* share.png in Resources */ = {isa = PBXBuildFile; fileRef = D97126D72BA7A2AB00FF3048 /* share.png */; };
		D97126E82BA7A2AC00FF3048 /* search.png in Resources */ = {isa = PBXBuildFile; fileRef = D97126D82BA7A2AB00FF3048 /* search.png */; };
		D97126E92BA7A2AC00FF3048 /* password.png in Resources */ = {isa = PBXBuildFile; fileRef = D97126D92BA7A2AB00FF3048 /* password.png */; };
		D97126EA2BA7A2AC00FF3048 /* signout.png in Resources */ = {isa = PBXBuildFile; fileRef = D97126DA2BA7A2AB00FF3048 /* signout.png */; };
		D97126EC2BA7A2AC00FF3048 /* check.png in Resources */ = {isa = PBXBuildFile; fileRef = D97126DC2BA7A2AB00FF3048 /* check.png */; };
		D97126ED2BA7A2AC00FF3048 /* user.png in Resources */ = {isa = PBXBuildFile; fileRef = D97126DD2BA7A2AC00FF3048 /* user.png */; };
		D97126EE2BA7A2AC00FF3048 /* categories.png in Resources */ = {isa = PBXBuildFile; fileRef = D97126DE2BA7A2AC00FF3048 /* categories.png */; };
		D97126EF2BA7A2AC00FF3048 /* bookmark-selected.png in Resources */ = {isa = PBXBuildFile; fileRef = D97126DF2BA7A2AC00FF3048 /* bookmark-selected.png */; };
		D97126F02BA7A2AC00FF3048 /* bookmark.png in Resources */ = {isa = PBXBuildFile; fileRef = D97126E02BA7A2AC00FF3048 /* bookmark.png */; };
		D97126F12BA7A2AC00FF3048 /* main-selected.png in Resources */ = {isa = PBXBuildFile; fileRef = D97126E12BA7A2AC00FF3048 /* main-selected.png */; };
		D97126F32BA7A37F00FF3048 /* book-alt.png in Resources */ = {isa = PBXBuildFile; fileRef = D97126F22BA7A37F00FF3048 /* book-alt.png */; };
		D97126F52BA7A3B500FF3048 /* Images.swift in Sources */ = {isa = PBXBuildFile; fileRef = D97126F42BA7A3B500FF3048 /* Images.swift */; };
		D97126F72BA9F31200FF3048 /* Article.swift in Sources */ = {isa = PBXBuildFile; fileRef = D97126F62BA9F31200FF3048 /* Article.swift */; };
		D97126F92BAA005A00FF3048 /* NewsManager.swift in Sources */ = {isa = PBXBuildFile; fileRef = D97126F82BAA005A00FF3048 /* NewsManager.swift */; };
		D97126FB2BAA01C300FF3048 /* NetworkManager.swift in Sources */ = {isa = PBXBuildFile; fileRef = D97126FA2BAA01C300FF3048 /* NetworkManager.swift */; };
		D97126FD2BAA01EA00FF3048 /* ImageManager.swift in Sources */ = {isa = PBXBuildFile; fileRef = D97126FC2BAA01EA00FF3048 /* ImageManager.swift */; };
		D97126FF2BAA099F00FF3048 /* NetworkError.swift in Sources */ = {isa = PBXBuildFile; fileRef = D97126FE2BAA099F00FF3048 /* NetworkError.swift */; };
		D9766B632BAB9566000B6AF6 /* bookmark-bordered.png in Resources */ = {isa = PBXBuildFile; fileRef = D9766B612BAB9566000B6AF6 /* bookmark-bordered.png */; };
		D9766B642BAB9566000B6AF6 /* bookmark-filled.png in Resources */ = {isa = PBXBuildFile; fileRef = D9766B622BAB9566000B6AF6 /* bookmark-filled.png */; };
/* End PBXBuildFile section */

/* Begin PBXFileReference section */
		367268D72BB2A107007E82E6 /* OneItem.swift */ = {isa = PBXFileReference; lastKnownFileType = sourcecode.swift; name = OneItem.swift; path = NewsToDayApp/Factories/OneItem.swift; sourceTree = SOURCE_ROOT; };
		367268D92BB2C480007E82E6 /* PaddingLabel.swift */ = {isa = PBXFileReference; lastKnownFileType = sourcecode.swift; path = PaddingLabel.swift; sourceTree = "<group>"; };
		367268DB2BB2D1E3007E82E6 /* String + ext.swift */ = {isa = PBXFileReference; lastKnownFileType = sourcecode.swift; path = "String + ext.swift"; sourceTree = "<group>"; };
		369AB6182BA87E6600EBF483 /* Labels + ext.swift */ = {isa = PBXFileReference; lastKnownFileType = sourcecode.swift; path = "Labels + ext.swift"; sourceTree = "<group>"; };
		369AB61A2BA8833A00EBF483 /* UIImageView + ext.swift */ = {isa = PBXFileReference; lastKnownFileType = sourcecode.swift; path = "UIImageView + ext.swift"; sourceTree = "<group>"; };
		369AB61E2BA88B6300EBF483 /* ConstColors.swift */ = {isa = PBXFileReference; lastKnownFileType = sourcecode.swift; path = ConstColors.swift; sourceTree = "<group>"; };
		369AB62A2BA8BB6100EBF483 /* LabelsFactory.swift */ = {isa = PBXFileReference; lastKnownFileType = sourcecode.swift; path = LabelsFactory.swift; sourceTree = "<group>"; };
		369AB62C2BA8BB7800EBF483 /* ImageViewsFactory.swift */ = {isa = PBXFileReference; lastKnownFileType = sourcecode.swift; path = ImageViewsFactory.swift; sourceTree = "<group>"; };
		369AB62E2BA8CADB00EBF483 /* ButtonsFactory.swift */ = {isa = PBXFileReference; lastKnownFileType = sourcecode.swift; path = ButtonsFactory.swift; sourceTree = "<group>"; };
		369AB6302BA972C000EBF483 /* CompositionalLayout.swift */ = {isa = PBXFileReference; lastKnownFileType = sourcecode.swift; path = CompositionalLayout.swift; sourceTree = "<group>"; };
		369AB6342BA9752A00EBF483 /* MockItem.swift */ = {isa = PBXFileReference; lastKnownFileType = sourcecode.swift; name = MockItem.swift; path = NewsToDayApp/Extensions/MockItem.swift; sourceTree = SOURCE_ROOT; };
		369AB6382BA976EB00EBF483 /* ListSectionModel.swift */ = {isa = PBXFileReference; lastKnownFileType = sourcecode.swift; name = ListSectionModel.swift; path = NewsToDayApp/Extensions/ListSectionModel.swift; sourceTree = SOURCE_ROOT; };
		369AB63B2BA97A3800EBF483 /* CategoriesCell.swift */ = {isa = PBXFileReference; lastKnownFileType = sourcecode.swift; path = CategoriesCell.swift; sourceTree = "<group>"; };
		369AB63D2BA97A5300EBF483 /* ArticleCouruselCell.swift */ = {isa = PBXFileReference; lastKnownFileType = sourcecode.swift; path = ArticleCouruselCell.swift; sourceTree = "<group>"; };
		369AB63F2BA97A6C00EBF483 /* RecomendedCell.swift */ = {isa = PBXFileReference; lastKnownFileType = sourcecode.swift; path = RecomendedCell.swift; sourceTree = "<group>"; };
		369AB6422BA9A07600EBF483 /* HeaderRecomendedView.swift */ = {isa = PBXFileReference; lastKnownFileType = sourcecode.swift; path = HeaderRecomendedView.swift; sourceTree = "<group>"; };
		369AB6462BA9C95400EBF483 /* SearchBarView.swift */ = {isa = PBXFileReference; lastKnownFileType = sourcecode.swift; path = SearchBarView.swift; sourceTree = "<group>"; };
		369AB6482BA9DB3C00EBF483 /* UIImage + ext.swift */ = {isa = PBXFileReference; lastKnownFileType = sourcecode.swift; path = "UIImage + ext.swift"; sourceTree = "<group>"; };
		369AB6512BAB29D000EBF483 /* DetailArticleView.swift */ = {isa = PBXFileReference; lastKnownFileType = sourcecode.swift; path = DetailArticleView.swift; sourceTree = "<group>"; };
		369AB6532BAB2A0200EBF483 /* DetailArticleViewController.swift */ = {isa = PBXFileReference; lastKnownFileType = sourcecode.swift; path = DetailArticleViewController.swift; sourceTree = "<group>"; };
		369AB6552BAC3A5F00EBF483 /* DetailArticleRouter.swift */ = {isa = PBXFileReference; lastKnownFileType = sourcecode.swift; path = DetailArticleRouter.swift; sourceTree = "<group>"; };
		369AB6572BAC3AA700EBF483 /* DetailArticleBuilder.swift */ = {isa = PBXFileReference; lastKnownFileType = sourcecode.swift; path = DetailArticleBuilder.swift; sourceTree = "<group>"; };
		369AB6592BAC3DD000EBF483 /* DetailArticlePresenter.swift */ = {isa = PBXFileReference; lastKnownFileType = sourcecode.swift; path = DetailArticlePresenter.swift; sourceTree = "<group>"; };
		369AB6622BAC4A5100EBF483 /* BookmarksView.swift */ = {isa = PBXFileReference; lastKnownFileType = sourcecode.swift; path = BookmarksView.swift; sourceTree = "<group>"; };
		369AB6642BAC4A6B00EBF483 /* BookmarksViewController.swift */ = {isa = PBXFileReference; lastKnownFileType = sourcecode.swift; path = BookmarksViewController.swift; sourceTree = "<group>"; };
		369AB6662BAC4ACB00EBF483 /* BookmarksPresenter.swift */ = {isa = PBXFileReference; lastKnownFileType = sourcecode.swift; path = BookmarksPresenter.swift; sourceTree = "<group>"; };
		369AB6682BAC4B7D00EBF483 /* BookmarksRouter.swift */ = {isa = PBXFileReference; lastKnownFileType = sourcecode.swift; path = BookmarksRouter.swift; sourceTree = "<group>"; };
		369AB66A2BAC4C5B00EBF483 /* BookmarksBuilder.swift */ = {isa = PBXFileReference; lastKnownFileType = sourcecode.swift; path = BookmarksBuilder.swift; sourceTree = "<group>"; };
		369AB66D2BAC5E6E00EBF483 /* BookmarksCell.swift */ = {isa = PBXFileReference; lastKnownFileType = sourcecode.swift; path = BookmarksCell.swift; sourceTree = "<group>"; };
		369AB6762BAC8D6800EBF483 /* CategoriesBuilder.swift */ = {isa = PBXFileReference; lastKnownFileType = sourcecode.swift; path = CategoriesBuilder.swift; sourceTree = "<group>"; };
		369AB6782BAC8E8200EBF483 /* CategoriesView.swift */ = {isa = PBXFileReference; lastKnownFileType = sourcecode.swift; path = CategoriesView.swift; sourceTree = "<group>"; };
		369AB67A2BAC8EA800EBF483 /* CategoriesViewController.swift */ = {isa = PBXFileReference; lastKnownFileType = sourcecode.swift; path = CategoriesViewController.swift; sourceTree = "<group>"; };
		369AB67C2BAC8F2400EBF483 /* CategoriesPresenter.swift */ = {isa = PBXFileReference; lastKnownFileType = sourcecode.swift; path = CategoriesPresenter.swift; sourceTree = "<group>"; };
		369AB67E2BAC8F9800EBF483 /* CategoriesRouter.swift */ = {isa = PBXFileReference; lastKnownFileType = sourcecode.swift; path = CategoriesRouter.swift; sourceTree = "<group>"; };
		369AB6812BAD909A00EBF483 /* MockData.swift */ = {isa = PBXFileReference; lastKnownFileType = sourcecode.swift; name = MockData.swift; path = NewsToDayApp/Modules/CategoriesView/Router/MockData.swift; sourceTree = SOURCE_ROOT; };
		369AB6832BAD962C00EBF483 /* CategoriesModel.swift */ = {isa = PBXFileReference; lastKnownFileType = sourcecode.swift; path = CategoriesModel.swift; sourceTree = "<group>"; };
		369AB68E2BADB11300EBF483 /* RecomendedView.swift */ = {isa = PBXFileReference; lastKnownFileType = sourcecode.swift; path = RecomendedView.swift; sourceTree = "<group>"; };
		369AB6902BADB1CD00EBF483 /* RecomendedViewController.swift */ = {isa = PBXFileReference; lastKnownFileType = sourcecode.swift; path = RecomendedViewController.swift; sourceTree = "<group>"; };
		369AB6922BADB30700EBF483 /* RecomendedPresenter.swift */ = {isa = PBXFileReference; lastKnownFileType = sourcecode.swift; path = RecomendedPresenter.swift; sourceTree = "<group>"; };
		369AB6942BADB41400EBF483 /* RecomendedBuilder.swift */ = {isa = PBXFileReference; lastKnownFileType = sourcecode.swift; path = RecomendedBuilder.swift; sourceTree = "<group>"; };
		369AB6962BADB4D000EBF483 /* RecomendedRouter.swift */ = {isa = PBXFileReference; lastKnownFileType = sourcecode.swift; path = RecomendedRouter.swift; sourceTree = "<group>"; };
		369AB69A2BB16FA800EBF483 /* noImage.png */ = {isa = PBXFileReference; lastKnownFileType = image.png; path = noImage.png; sourceTree = "<group>"; };
		369AB69C2BB19D2200EBF483 /* SpinnersFactory.swift */ = {isa = PBXFileReference; lastKnownFileType = sourcecode.swift; path = SpinnersFactory.swift; sourceTree = "<group>"; };
		A5CBDB962BA75DD500C81385 /* NewsToDayApp.app */ = {isa = PBXFileReference; explicitFileType = wrapper.application; includeInIndex = 0; path = NewsToDayApp.app; sourceTree = BUILT_PRODUCTS_DIR; };
		A5CBDB992BA75DD500C81385 /* AppDelegate.swift */ = {isa = PBXFileReference; lastKnownFileType = sourcecode.swift; path = AppDelegate.swift; sourceTree = "<group>"; };
		A5CBDB9B2BA75DD500C81385 /* SceneDelegate.swift */ = {isa = PBXFileReference; lastKnownFileType = sourcecode.swift; path = SceneDelegate.swift; sourceTree = "<group>"; };
		A5CBDBA22BA75DD900C81385 /* Assets.xcassets */ = {isa = PBXFileReference; lastKnownFileType = folder.assetcatalog; path = Assets.xcassets; sourceTree = "<group>"; };
		A5CBDBA52BA75DD900C81385 /* Base */ = {isa = PBXFileReference; lastKnownFileType = file.storyboard; name = Base; path = Base.lproj/LaunchScreen.storyboard; sourceTree = "<group>"; };
		A5CBDBA72BA75DD900C81385 /* Info.plist */ = {isa = PBXFileReference; lastKnownFileType = text.plist.xml; path = Info.plist; sourceTree = "<group>"; };
		A5CBDBBB2BA7618D00C81385 /* MainBuilder.swift */ = {isa = PBXFileReference; lastKnownFileType = sourcecode.swift; path = MainBuilder.swift; sourceTree = "<group>"; };
		A5CBDBC22BA7627F00C81385 /* MainPresenter.swift */ = {isa = PBXFileReference; lastKnownFileType = sourcecode.swift; path = MainPresenter.swift; sourceTree = "<group>"; };
		A5CBDBC42BA7630F00C81385 /* MainRouter.swift */ = {isa = PBXFileReference; lastKnownFileType = sourcecode.swift; path = MainRouter.swift; sourceTree = "<group>"; };
		A5CBDBC62BA7637700C81385 /* CustomViewController.swift */ = {isa = PBXFileReference; lastKnownFileType = sourcecode.swift; path = CustomViewController.swift; sourceTree = "<group>"; };
		A5CBDBC82BA7638500C81385 /* CustomView.swift */ = {isa = PBXFileReference; lastKnownFileType = sourcecode.swift; path = CustomView.swift; sourceTree = "<group>"; };
		A5CBDBCA2BA76E1200C81385 /* MainViewController.swift */ = {isa = PBXFileReference; lastKnownFileType = sourcecode.swift; path = MainViewController.swift; sourceTree = "<group>"; };
		A5CBDBCC2BA76E3D00C81385 /* MainView.swift */ = {isa = PBXFileReference; lastKnownFileType = sourcecode.swift; path = MainView.swift; sourceTree = "<group>"; };
		A5CBDBE72BA772B300C81385 /* CustomTabBar.swift */ = {isa = PBXFileReference; lastKnownFileType = sourcecode.swift; path = CustomTabBar.swift; sourceTree = "<group>"; };
		A5CBDBEA2BA7734300C81385 /* UIBezierPath+createCurve.swift */ = {isa = PBXFileReference; lastKnownFileType = sourcecode.swift; path = "UIBezierPath+createCurve.swift"; sourceTree = "<group>"; };
		A5CBDBEC2BA776C100C81385 /* TabBarPresenter.swift */ = {isa = PBXFileReference; lastKnownFileType = sourcecode.swift; path = TabBarPresenter.swift; sourceTree = "<group>"; };
		A5CBDBF52BA77C1000C81385 /* ProfilePresenter.swift */ = {isa = PBXFileReference; lastKnownFileType = sourcecode.swift; path = ProfilePresenter.swift; sourceTree = "<group>"; };
		A5CBDBF72BA77E0100C81385 /* ProfileRouter.swift */ = {isa = PBXFileReference; lastKnownFileType = sourcecode.swift; path = ProfileRouter.swift; sourceTree = "<group>"; };
		A5CBDBF92BA77F4900C81385 /* ProfileViewController.swift */ = {isa = PBXFileReference; lastKnownFileType = sourcecode.swift; path = ProfileViewController.swift; sourceTree = "<group>"; };
		A5CBDBFB2BA77F8000C81385 /* ProfileView.swift */ = {isa = PBXFileReference; lastKnownFileType = sourcecode.swift; path = ProfileView.swift; sourceTree = "<group>"; };
		A5CBDBFD2BA77FEB00C81385 /* ProfileBuilder.swift */ = {isa = PBXFileReference; lastKnownFileType = sourcecode.swift; path = ProfileBuilder.swift; sourceTree = "<group>"; };
		A5CBDC442BA7AE5E00C81385 /* en */ = {isa = PBXFileReference; lastKnownFileType = text.plist.strings; name = en; path = en.lproj/Localizable.strings; sourceTree = "<group>"; };
		A5CBDC462BA7AE7500C81385 /* ru */ = {isa = PBXFileReference; lastKnownFileType = text.plist.strings; name = ru; path = ru.lproj/Localizable.strings; sourceTree = "<group>"; };
		D97126C52BA7906000FF3048 /* Inter-Medium.ttf */ = {isa = PBXFileReference; lastKnownFileType = file; path = "Inter-Medium.ttf"; sourceTree = "<group>"; };
		D97126C62BA7906000FF3048 /* Adamina-Regular.ttf */ = {isa = PBXFileReference; lastKnownFileType = file; path = "Adamina-Regular.ttf"; sourceTree = "<group>"; };
		D97126C72BA7906000FF3048 /* Inter-SemiBold.ttf */ = {isa = PBXFileReference; lastKnownFileType = file; path = "Inter-SemiBold.ttf"; sourceTree = "<group>"; };
		D97126C82BA7906000FF3048 /* Inter-Regular.ttf */ = {isa = PBXFileReference; lastKnownFileType = file; path = "Inter-Regular.ttf"; sourceTree = "<group>"; };
		D97126C92BA7906000FF3048 /* Inter-Bold.ttf */ = {isa = PBXFileReference; lastKnownFileType = file; path = "Inter-Bold.ttf"; sourceTree = "<group>"; };
		D97126CF2BA7910C00FF3048 /* Fonts.swift */ = {isa = PBXFileReference; lastKnownFileType = sourcecode.swift; path = Fonts.swift; sourceTree = "<group>"; };
		D97126D22BA7A2AB00FF3048 /* angle-right.png */ = {isa = PBXFileReference; lastKnownFileType = image.png; path = "angle-right.png"; sourceTree = "<group>"; };
		D97126D32BA7A2AB00FF3048 /* categories-selected.png */ = {isa = PBXFileReference; lastKnownFileType = image.png; path = "categories-selected.png"; sourceTree = "<group>"; };
		D97126D42BA7A2AB00FF3048 /* main.png */ = {isa = PBXFileReference; lastKnownFileType = image.png; path = main.png; sourceTree = "<group>"; };
		D97126D52BA7A2AB00FF3048 /* user-selected.png */ = {isa = PBXFileReference; lastKnownFileType = image.png; path = "user-selected.png"; sourceTree = "<group>"; };
		D97126D62BA7A2AB00FF3048 /* email.png */ = {isa = PBXFileReference; lastKnownFileType = image.png; path = email.png; sourceTree = "<group>"; };
		D97126D72BA7A2AB00FF3048 /* share.png */ = {isa = PBXFileReference; lastKnownFileType = image.png; path = share.png; sourceTree = "<group>"; };
		D97126D82BA7A2AB00FF3048 /* search.png */ = {isa = PBXFileReference; lastKnownFileType = image.png; path = search.png; sourceTree = "<group>"; };
		D97126D92BA7A2AB00FF3048 /* password.png */ = {isa = PBXFileReference; lastKnownFileType = image.png; path = password.png; sourceTree = "<group>"; };
		D97126DA2BA7A2AB00FF3048 /* signout.png */ = {isa = PBXFileReference; lastKnownFileType = image.png; path = signout.png; sourceTree = "<group>"; };
		D97126DC2BA7A2AB00FF3048 /* check.png */ = {isa = PBXFileReference; lastKnownFileType = image.png; path = check.png; sourceTree = "<group>"; };
		D97126DD2BA7A2AC00FF3048 /* user.png */ = {isa = PBXFileReference; lastKnownFileType = image.png; path = user.png; sourceTree = "<group>"; };
		D97126DE2BA7A2AC00FF3048 /* categories.png */ = {isa = PBXFileReference; lastKnownFileType = image.png; path = categories.png; sourceTree = "<group>"; };
		D97126DF2BA7A2AC00FF3048 /* bookmark-selected.png */ = {isa = PBXFileReference; lastKnownFileType = image.png; path = "bookmark-selected.png"; sourceTree = "<group>"; };
		D97126E02BA7A2AC00FF3048 /* bookmark.png */ = {isa = PBXFileReference; lastKnownFileType = image.png; path = bookmark.png; sourceTree = "<group>"; };
		D97126E12BA7A2AC00FF3048 /* main-selected.png */ = {isa = PBXFileReference; lastKnownFileType = image.png; path = "main-selected.png"; sourceTree = "<group>"; };
		D97126F22BA7A37F00FF3048 /* book-alt.png */ = {isa = PBXFileReference; lastKnownFileType = image.png; path = "book-alt.png"; sourceTree = "<group>"; };
		D97126F42BA7A3B500FF3048 /* Images.swift */ = {isa = PBXFileReference; lastKnownFileType = sourcecode.swift; path = Images.swift; sourceTree = "<group>"; };
		D97126F62BA9F31200FF3048 /* Article.swift */ = {isa = PBXFileReference; lastKnownFileType = sourcecode.swift; name = Article.swift; path = NewsToDayApp/Extensions/Article.swift; sourceTree = SOURCE_ROOT; };
		D97126F82BAA005A00FF3048 /* NewsManager.swift */ = {isa = PBXFileReference; lastKnownFileType = sourcecode.swift; name = NewsManager.swift; path = NewsToDayApp/Extensions/NewsManager.swift; sourceTree = SOURCE_ROOT; };
		D97126FA2BAA01C300FF3048 /* NetworkManager.swift */ = {isa = PBXFileReference; lastKnownFileType = sourcecode.swift; name = NetworkManager.swift; path = NewsToDayApp/Extensions/NetworkManager.swift; sourceTree = SOURCE_ROOT; };
		D97126FC2BAA01EA00FF3048 /* ImageManager.swift */ = {isa = PBXFileReference; lastKnownFileType = sourcecode.swift; name = ImageManager.swift; path = NewsToDayApp/Extensions/ImageManager.swift; sourceTree = SOURCE_ROOT; };
		D97126FE2BAA099F00FF3048 /* NetworkError.swift */ = {isa = PBXFileReference; lastKnownFileType = sourcecode.swift; name = NetworkError.swift; path = NewsToDayApp/Extensions/NetworkError.swift; sourceTree = SOURCE_ROOT; };
		D9766B612BAB9566000B6AF6 /* bookmark-bordered.png */ = {isa = PBXFileReference; lastKnownFileType = image.png; path = "bookmark-bordered.png"; sourceTree = "<group>"; };
		D9766B622BAB9566000B6AF6 /* bookmark-filled.png */ = {isa = PBXFileReference; lastKnownFileType = image.png; path = "bookmark-filled.png"; sourceTree = "<group>"; };
/* End PBXFileReference section */

/* Begin PBXFrameworksBuildPhase section */
		A5CBDB932BA75DD500C81385 /* Frameworks */ = {
			isa = PBXFrameworksBuildPhase;
			buildActionMask = 2147483647;
			files = (
				A5CBDC312BA7AD2100C81385 /* FirebaseMessaging in Frameworks */,
				A5CBDC012BA7ABC000C81385 /* SnapKit in Frameworks */,
				A5CBDC232BA7AD2100C81385 /* FirebaseFirestoreSwift in Frameworks */,
				A5CBDC0D2BA7AD2100C81385 /* FirebaseAnalyticsWithoutAdIdSupport in Frameworks */,
				A5CBDC252BA7AD2100C81385 /* FirebaseFunctions in Frameworks */,
				A5CBDC3E2BA7AD3700C81385 /* GoogleSignIn in Frameworks */,
				A5CBDC042BA7ABCD00C81385 /* IQKeyboardManagerSwift in Frameworks */,
				A5CBDC072BA7AD2100C81385 /* FirebaseAnalytics in Frameworks */,
				A5CBDC132BA7AD2100C81385 /* FirebaseAuth in Frameworks */,
				A5CBDC1D2BA7AD2100C81385 /* FirebaseDynamicLinks in Frameworks */,
				A5CBDC172BA7AD2100C81385 /* FirebaseCrashlytics in Frameworks */,
				A5CBDC2F2BA7AD2100C81385 /* FirebaseMLModelDownloader in Frameworks */,
				A5CBDC1B2BA7AD2100C81385 /* FirebaseDatabaseSwift in Frameworks */,
				A5CBDC1F2BA7AD2100C81385 /* FirebaseFirestore in Frameworks */,
				A5CBDC2D2BA7AD2100C81385 /* FirebaseInstallations in Frameworks */,
				A5CBDC272BA7AD2100C81385 /* FirebaseFunctionsCombine-Community in Frameworks */,
				A5CBDC212BA7AD2100C81385 /* FirebaseFirestoreCombine-Community in Frameworks */,
				A5CBDC192BA7AD2100C81385 /* FirebaseDatabase in Frameworks */,
				A5CBDC332BA7AD2100C81385 /* FirebasePerformance in Frameworks */,
				A5CBDC0F2BA7AD2100C81385 /* FirebaseAppCheck in Frameworks */,
				A5CBDC092BA7AD2100C81385 /* FirebaseAnalyticsOnDeviceConversion in Frameworks */,
				A5CBDC2B2BA7AD2100C81385 /* FirebaseInAppMessagingSwift-Beta in Frameworks */,
				A5CBDC372BA7AD2200C81385 /* FirebaseRemoteConfigSwift in Frameworks */,
				A5CBDC402BA7AD3700C81385 /* GoogleSignInSwift in Frameworks */,
				A5CBDC0B2BA7AD2100C81385 /* FirebaseAnalyticsSwift in Frameworks */,
				A5CBDC112BA7AD2100C81385 /* FirebaseAppDistribution-Beta in Frameworks */,
				A5CBDC352BA7AD2100C81385 /* FirebaseRemoteConfig in Frameworks */,
				A5CBDC392BA7AD2200C81385 /* FirebaseStorage in Frameworks */,
				A5CBDC152BA7AD2100C81385 /* FirebaseAuthCombine-Community in Frameworks */,
				A5CBDC3B2BA7AD2200C81385 /* FirebaseStorageCombine-Community in Frameworks */,
				A5CBDC292BA7AD2100C81385 /* FirebaseInAppMessaging-Beta in Frameworks */,
			);
			runOnlyForDeploymentPostprocessing = 0;
		};
/* End PBXFrameworksBuildPhase section */

/* Begin PBXGroup section */
		369AB6152BA86F7E00EBF483 /* Factories */ = {
			isa = PBXGroup;
			children = (
				369AB62A2BA8BB6100EBF483 /* LabelsFactory.swift */,
				369AB62C2BA8BB7800EBF483 /* ImageViewsFactory.swift */,
				369AB62E2BA8CADB00EBF483 /* ButtonsFactory.swift */,
				369AB69C2BB19D2200EBF483 /* SpinnersFactory.swift */,
			);
			path = Factories;
			sourceTree = "<group>";
		};
		369AB63A2BA978CB00EBF483 /* Cells */ = {
			isa = PBXGroup;
			children = (
				369AB63B2BA97A3800EBF483 /* CategoriesCell.swift */,
				369AB63D2BA97A5300EBF483 /* ArticleCouruselCell.swift */,
				369AB63F2BA97A6C00EBF483 /* RecomendedCell.swift */,
			);
			path = Cells;
			sourceTree = "<group>";
		};
		369AB6412BA9A04A00EBF483 /* Headers */ = {
			isa = PBXGroup;
			children = (
				369AB6422BA9A07600EBF483 /* HeaderRecomendedView.swift */,
			);
			path = Headers;
			sourceTree = "<group>";
		};
		369AB64A2BAB290700EBF483 /* DetailArticleView */ = {
			isa = PBXGroup;
			children = (
				369AB64B2BAB293100EBF483 /* Builder */,
				369AB64C2BAB293B00EBF483 /* View */,
				369AB6502BAB297800EBF483 /* Controller */,
				369AB64F2BAB297100EBF483 /* Model */,
				369AB64E2BAB296500EBF483 /* Router */,
				369AB64D2BAB295B00EBF483 /* Presenter */,
			);
			path = DetailArticleView;
			sourceTree = "<group>";
		};
		369AB64B2BAB293100EBF483 /* Builder */ = {
			isa = PBXGroup;
			children = (
				369AB6572BAC3AA700EBF483 /* DetailArticleBuilder.swift */,
			);
			path = Builder;
			sourceTree = "<group>";
		};
		369AB64C2BAB293B00EBF483 /* View */ = {
			isa = PBXGroup;
			children = (
				369AB6512BAB29D000EBF483 /* DetailArticleView.swift */,
				367268D92BB2C480007E82E6 /* PaddingLabel.swift */,
			);
			path = View;
			sourceTree = "<group>";
		};
		369AB64D2BAB295B00EBF483 /* Presenter */ = {
			isa = PBXGroup;
			children = (
				369AB6592BAC3DD000EBF483 /* DetailArticlePresenter.swift */,
			);
			path = Presenter;
			sourceTree = "<group>";
		};
		369AB64E2BAB296500EBF483 /* Router */ = {
			isa = PBXGroup;
			children = (
				369AB6552BAC3A5F00EBF483 /* DetailArticleRouter.swift */,
			);
			path = Router;
			sourceTree = "<group>";
		};
		369AB64F2BAB297100EBF483 /* Model */ = {
			isa = PBXGroup;
			children = (
			);
			path = Model;
			sourceTree = "<group>";
		};
		369AB6502BAB297800EBF483 /* Controller */ = {
			isa = PBXGroup;
			children = (
				369AB6532BAB2A0200EBF483 /* DetailArticleViewController.swift */,
			);
			path = Controller;
			sourceTree = "<group>";
		};
		369AB65B2BAC493A00EBF483 /* BooksmarksView */ = {
			isa = PBXGroup;
			children = (
				369AB6612BAC49A400EBF483 /* Builder */,
				369AB6602BAC499C00EBF483 /* View */,
				369AB65F2BAC499300EBF483 /* Controller */,
				369AB65E2BAC498A00EBF483 /* Model */,
				369AB65D2BAC498100EBF483 /* Router */,
				369AB65C2BAC497200EBF483 /* Presenter */,
			);
			path = BooksmarksView;
			sourceTree = "<group>";
		};
		369AB65C2BAC497200EBF483 /* Presenter */ = {
			isa = PBXGroup;
			children = (
				369AB6662BAC4ACB00EBF483 /* BookmarksPresenter.swift */,
			);
			path = Presenter;
			sourceTree = "<group>";
		};
		369AB65D2BAC498100EBF483 /* Router */ = {
			isa = PBXGroup;
			children = (
				369AB6682BAC4B7D00EBF483 /* BookmarksRouter.swift */,
			);
			path = Router;
			sourceTree = "<group>";
		};
		369AB65E2BAC498A00EBF483 /* Model */ = {
			isa = PBXGroup;
			children = (
			);
			path = Model;
			sourceTree = "<group>";
		};
		369AB65F2BAC499300EBF483 /* Controller */ = {
			isa = PBXGroup;
			children = (
				369AB6642BAC4A6B00EBF483 /* BookmarksViewController.swift */,
			);
			path = Controller;
			sourceTree = "<group>";
		};
		369AB6602BAC499C00EBF483 /* View */ = {
			isa = PBXGroup;
			children = (
				369AB66C2BAC5E2C00EBF483 /* Cells */,
				369AB6622BAC4A5100EBF483 /* BookmarksView.swift */,
			);
			path = View;
			sourceTree = "<group>";
		};
		369AB6612BAC49A400EBF483 /* Builder */ = {
			isa = PBXGroup;
			children = (
				369AB66A2BAC4C5B00EBF483 /* BookmarksBuilder.swift */,
			);
			path = Builder;
			sourceTree = "<group>";
		};
		369AB66C2BAC5E2C00EBF483 /* Cells */ = {
			isa = PBXGroup;
			children = (
				369AB66D2BAC5E6E00EBF483 /* BookmarksCell.swift */,
			);
			path = Cells;
			sourceTree = "<group>";
		};
		369AB66F2BAC8CD500EBF483 /* CategoriesView */ = {
			isa = PBXGroup;
			children = (
				369AB6752BAC8D3700EBF483 /* Builder */,
				369AB6742BAC8D2A00EBF483 /* View */,
				369AB6732BAC8D1400EBF483 /* Controller */,
				369AB6722BAC8D0C00EBF483 /* Model */,
				369AB6712BAC8CFC00EBF483 /* Router */,
				369AB6702BAC8CED00EBF483 /* Presenter */,
			);
			path = CategoriesView;
			sourceTree = "<group>";
		};
		369AB6702BAC8CED00EBF483 /* Presenter */ = {
			isa = PBXGroup;
			children = (
				369AB67C2BAC8F2400EBF483 /* CategoriesPresenter.swift */,
			);
			path = Presenter;
			sourceTree = "<group>";
		};
		369AB6712BAC8CFC00EBF483 /* Router */ = {
			isa = PBXGroup;
			children = (
				369AB67E2BAC8F9800EBF483 /* CategoriesRouter.swift */,
			);
			path = Router;
			sourceTree = "<group>";
		};
		369AB6722BAC8D0C00EBF483 /* Model */ = {
			isa = PBXGroup;
			children = (
				369AB6832BAD962C00EBF483 /* CategoriesModel.swift */,
			);
			path = Model;
			sourceTree = "<group>";
		};
		369AB6732BAC8D1400EBF483 /* Controller */ = {
			isa = PBXGroup;
			children = (
				369AB67A2BAC8EA800EBF483 /* CategoriesViewController.swift */,
			);
			path = Controller;
			sourceTree = "<group>";
		};
		369AB6742BAC8D2A00EBF483 /* View */ = {
			isa = PBXGroup;
			children = (
				369AB6802BAC95A100EBF483 /* Cells */,
				369AB6782BAC8E8200EBF483 /* CategoriesView.swift */,
			);
			path = View;
			sourceTree = "<group>";
		};
		369AB6752BAC8D3700EBF483 /* Builder */ = {
			isa = PBXGroup;
			children = (
				369AB6762BAC8D6800EBF483 /* CategoriesBuilder.swift */,
			);
			path = Builder;
			sourceTree = "<group>";
		};
		369AB6802BAC95A100EBF483 /* Cells */ = {
			isa = PBXGroup;
			children = (
			);
			path = Cells;
			sourceTree = "<group>";
		};
		369AB6872BADB01D00EBF483 /* RecomendedView */ = {
			isa = PBXGroup;
			children = (
				369AB68D2BADB07500EBF483 /* Builder */,
				369AB68C2BADB06A00EBF483 /* View */,
				369AB68B2BADB05F00EBF483 /* Controller */,
				369AB68A2BADB05100EBF483 /* Model */,
				369AB6892BADB04800EBF483 /* Router */,
				369AB6882BADB03E00EBF483 /* Presenter */,
			);
			path = RecomendedView;
			sourceTree = "<group>";
		};
		369AB6882BADB03E00EBF483 /* Presenter */ = {
			isa = PBXGroup;
			children = (
				369AB6922BADB30700EBF483 /* RecomendedPresenter.swift */,
			);
			path = Presenter;
			sourceTree = "<group>";
		};
		369AB6892BADB04800EBF483 /* Router */ = {
			isa = PBXGroup;
			children = (
				369AB6962BADB4D000EBF483 /* RecomendedRouter.swift */,
			);
			path = Router;
			sourceTree = "<group>";
		};
		369AB68A2BADB05100EBF483 /* Model */ = {
			isa = PBXGroup;
			children = (
			);
			path = Model;
			sourceTree = "<group>";
		};
		369AB68B2BADB05F00EBF483 /* Controller */ = {
			isa = PBXGroup;
			children = (
				369AB6902BADB1CD00EBF483 /* RecomendedViewController.swift */,
			);
			path = Controller;
			sourceTree = "<group>";
		};
		369AB68C2BADB06A00EBF483 /* View */ = {
			isa = PBXGroup;
			children = (
				369AB68E2BADB11300EBF483 /* RecomendedView.swift */,
			);
			path = View;
			sourceTree = "<group>";
		};
		369AB68D2BADB07500EBF483 /* Builder */ = {
			isa = PBXGroup;
			children = (
				369AB6942BADB41400EBF483 /* RecomendedBuilder.swift */,
			);
			path = Builder;
			sourceTree = "<group>";
		};
		A5CBDB8D2BA75DD500C81385 = {
			isa = PBXGroup;
			children = (
				A5CBDB982BA75DD500C81385 /* NewsToDayApp */,
				A5CBDB972BA75DD500C81385 /* Products */,
			);
			sourceTree = "<group>";
		};
		A5CBDB972BA75DD500C81385 /* Products */ = {
			isa = PBXGroup;
			children = (
				A5CBDB962BA75DD500C81385 /* NewsToDayApp.app */,
			);
			name = Products;
			sourceTree = "<group>";
		};
		A5CBDB982BA75DD500C81385 /* NewsToDayApp */ = {
			isa = PBXGroup;
			children = (
				369AB6152BA86F7E00EBF483 /* Factories */,
				A5CBDBAD2BA75E2D00C81385 /* App */,
				A5CBDBB12BA75E7F00C81385 /* Modules */,
				A5CBDBB22BA75E8800C81385 /* Services */,
				A5CBDBB02BA75E5400C81385 /* Resources */,
				A5CBDBAF2BA75E4A00C81385 /* Extensions */,
			);
			path = NewsToDayApp;
			sourceTree = "<group>";
		};
		A5CBDBAD2BA75E2D00C81385 /* App */ = {
			isa = PBXGroup;
			children = (
				A5CBDB9B2BA75DD500C81385 /* SceneDelegate.swift */,
				A5CBDB992BA75DD500C81385 /* AppDelegate.swift */,
			);
			path = App;
			sourceTree = "<group>";
		};
		A5CBDBAF2BA75E4A00C81385 /* Extensions */ = {
			isa = PBXGroup;
			children = (
				A5CBDBE92BA772BE00C81385 /* CustomView */,
				A5CBDBE62BA7729C00C81385 /* TabBar */,
				D97126CF2BA7910C00FF3048 /* Fonts.swift */,
				369AB61E2BA88B6300EBF483 /* ConstColors.swift */,
				D97126F42BA7A3B500FF3048 /* Images.swift */,
				369AB6182BA87E6600EBF483 /* Labels + ext.swift */,
				369AB61A2BA8833A00EBF483 /* UIImageView + ext.swift */,
				369AB6302BA972C000EBF483 /* CompositionalLayout.swift */,
				369AB6482BA9DB3C00EBF483 /* UIImage + ext.swift */,
				367268DB2BB2D1E3007E82E6 /* String + ext.swift */,
			);
			path = Extensions;
			sourceTree = "<group>";
		};
		A5CBDBB02BA75E5400C81385 /* Resources */ = {
			isa = PBXGroup;
			children = (
				D97126D12BA7A1E100FF3048 /* icons */,
				D97126C42BA78EE400FF3048 /* fonts */,
				A5CBDBA22BA75DD900C81385 /* Assets.xcassets */,
				A5CBDBA42BA75DD900C81385 /* LaunchScreen.storyboard */,
				A5CBDBA72BA75DD900C81385 /* Info.plist */,
				A5CBDC452BA7AE5E00C81385 /* Localizable.strings */,
			);
			path = Resources;
			sourceTree = "<group>";
		};
		A5CBDBB12BA75E7F00C81385 /* Modules */ = {
			isa = PBXGroup;
			children = (
				369AB6872BADB01D00EBF483 /* RecomendedView */,
				369AB66F2BAC8CD500EBF483 /* CategoriesView */,
				369AB65B2BAC493A00EBF483 /* BooksmarksView */,
				369AB64A2BAB290700EBF483 /* DetailArticleView */,
				A5CBDBEE2BA77B9900C81385 /* ProfileModule */,
				A5CBDBB52BA75EEE00C81385 /* MainView */,
			);
			path = Modules;
			sourceTree = "<group>";
		};
		A5CBDBB22BA75E8800C81385 /* Services */ = {
			isa = PBXGroup;
			children = (
				A5CBDBB42BA75EA800C81385 /* Auth */,
				A5CBDBB32BA75E9F00C81385 /* Network */,
			);
			path = Services;
			sourceTree = "<group>";
		};
		A5CBDBB32BA75E9F00C81385 /* Network */ = {
			isa = PBXGroup;
			children = (
				D97126F62BA9F31200FF3048 /* Article.swift */,
				D97126F82BAA005A00FF3048 /* NewsManager.swift */,
				D97126FA2BAA01C300FF3048 /* NetworkManager.swift */,
				D97126FC2BAA01EA00FF3048 /* ImageManager.swift */,
				D97126FE2BAA099F00FF3048 /* NetworkError.swift */,
			);
			path = Network;
			sourceTree = "<group>";
		};
		A5CBDBB42BA75EA800C81385 /* Auth */ = {
			isa = PBXGroup;
			children = (
			);
			path = Auth;
			sourceTree = "<group>";
		};
		A5CBDBB52BA75EEE00C81385 /* MainView */ = {
			isa = PBXGroup;
			children = (
				A5CBDBBA2BA75F2000C81385 /* Builder */,
				A5CBDBB82BA75F1100C81385 /* View */,
				A5CBDBB72BA75F0900C81385 /* Controller */,
				A5CBDBB92BA75F1600C81385 /* Model */,
				A5CBDBB62BA75EFA00C81385 /* Router */,
				A5CBDBC12BA7625C00C81385 /* Presenter */,
			);
			path = MainView;
			sourceTree = "<group>";
		};
		A5CBDBB62BA75EFA00C81385 /* Router */ = {
			isa = PBXGroup;
			children = (
				A5CBDBC42BA7630F00C81385 /* MainRouter.swift */,
			);
			path = Router;
			sourceTree = "<group>";
		};
		A5CBDBB72BA75F0900C81385 /* Controller */ = {
			isa = PBXGroup;
			children = (
				A5CBDBCA2BA76E1200C81385 /* MainViewController.swift */,
			);
			path = Controller;
			sourceTree = "<group>";
		};
		A5CBDBB82BA75F1100C81385 /* View */ = {
			isa = PBXGroup;
			children = (
				369AB6412BA9A04A00EBF483 /* Headers */,
				369AB63A2BA978CB00EBF483 /* Cells */,
				369AB6462BA9C95400EBF483 /* SearchBarView.swift */,
				A5CBDBCC2BA76E3D00C81385 /* MainView.swift */,
			);
			path = View;
			sourceTree = "<group>";
		};
		A5CBDBB92BA75F1600C81385 /* Model */ = {
			isa = PBXGroup;
			children = (
				369AB6342BA9752A00EBF483 /* MockItem.swift */,
				369AB6382BA976EB00EBF483 /* ListSectionModel.swift */,
				369AB6812BAD909A00EBF483 /* MockData.swift */,
				367268D72BB2A107007E82E6 /* OneItem.swift */,
			);
			path = Model;
			sourceTree = "<group>";
		};
		A5CBDBBA2BA75F2000C81385 /* Builder */ = {
			isa = PBXGroup;
			children = (
				A5CBDBBB2BA7618D00C81385 /* MainBuilder.swift */,
			);
			path = Builder;
			sourceTree = "<group>";
		};
		A5CBDBC12BA7625C00C81385 /* Presenter */ = {
			isa = PBXGroup;
			children = (
				A5CBDBC22BA7627F00C81385 /* MainPresenter.swift */,
			);
			path = Presenter;
			sourceTree = "<group>";
		};
		A5CBDBE62BA7729C00C81385 /* TabBar */ = {
			isa = PBXGroup;
			children = (
				A5CBDBE72BA772B300C81385 /* CustomTabBar.swift */,
				A5CBDBEA2BA7734300C81385 /* UIBezierPath+createCurve.swift */,
				A5CBDBEC2BA776C100C81385 /* TabBarPresenter.swift */,
			);
			path = TabBar;
			sourceTree = "<group>";
		};
		A5CBDBE92BA772BE00C81385 /* CustomView */ = {
			isa = PBXGroup;
			children = (
				A5CBDBC62BA7637700C81385 /* CustomViewController.swift */,
				A5CBDBC82BA7638500C81385 /* CustomView.swift */,
			);
			path = CustomView;
			sourceTree = "<group>";
		};
		A5CBDBEE2BA77B9900C81385 /* ProfileModule */ = {
			isa = PBXGroup;
			children = (
				A5CBDBF42BA77BEC00C81385 /* Builder */,
				A5CBDBF32BA77BE400C81385 /* View */,
				A5CBDBF22BA77BDA00C81385 /* Controller */,
				A5CBDBF12BA77BC400C81385 /* Model */,
				A5CBDBF02BA77BB600C81385 /* Router */,
				A5CBDBEF2BA77BAB00C81385 /* Presenter */,
			);
			path = ProfileModule;
			sourceTree = "<group>";
		};
		A5CBDBEF2BA77BAB00C81385 /* Presenter */ = {
			isa = PBXGroup;
			children = (
				A5CBDBF52BA77C1000C81385 /* ProfilePresenter.swift */,
			);
			path = Presenter;
			sourceTree = "<group>";
		};
		A5CBDBF02BA77BB600C81385 /* Router */ = {
			isa = PBXGroup;
			children = (
				A5CBDBF72BA77E0100C81385 /* ProfileRouter.swift */,
			);
			path = Router;
			sourceTree = "<group>";
		};
		A5CBDBF12BA77BC400C81385 /* Model */ = {
			isa = PBXGroup;
			children = (
			);
			path = Model;
			sourceTree = "<group>";
		};
		A5CBDBF22BA77BDA00C81385 /* Controller */ = {
			isa = PBXGroup;
			children = (
				A5CBDBF92BA77F4900C81385 /* ProfileViewController.swift */,
			);
			path = Controller;
			sourceTree = "<group>";
		};
		A5CBDBF32BA77BE400C81385 /* View */ = {
			isa = PBXGroup;
			children = (
				A5CBDBFB2BA77F8000C81385 /* ProfileView.swift */,
			);
			path = View;
			sourceTree = "<group>";
		};
		A5CBDBF42BA77BEC00C81385 /* Builder */ = {
			isa = PBXGroup;
			children = (
				A5CBDBFD2BA77FEB00C81385 /* ProfileBuilder.swift */,
			);
			path = Builder;
			sourceTree = "<group>";
		};
		D97126C42BA78EE400FF3048 /* fonts */ = {
			isa = PBXGroup;
			children = (
				D97126C62BA7906000FF3048 /* Adamina-Regular.ttf */,
				D97126C92BA7906000FF3048 /* Inter-Bold.ttf */,
				D97126C52BA7906000FF3048 /* Inter-Medium.ttf */,
				D97126C82BA7906000FF3048 /* Inter-Regular.ttf */,
				D97126C72BA7906000FF3048 /* Inter-SemiBold.ttf */,
			);
			path = fonts;
			sourceTree = "<group>";
		};
		D97126D12BA7A1E100FF3048 /* icons */ = {
			isa = PBXGroup;
			children = (
				369AB69A2BB16FA800EBF483 /* noImage.png */,
				D9766B612BAB9566000B6AF6 /* bookmark-bordered.png */,
				D9766B622BAB9566000B6AF6 /* bookmark-filled.png */,
				D97126F22BA7A37F00FF3048 /* book-alt.png */,
				D97126D22BA7A2AB00FF3048 /* angle-right.png */,
				D97126DF2BA7A2AC00FF3048 /* bookmark-selected.png */,
				D97126E02BA7A2AC00FF3048 /* bookmark.png */,
				D97126D32BA7A2AB00FF3048 /* categories-selected.png */,
				D97126DE2BA7A2AC00FF3048 /* categories.png */,
				D97126DC2BA7A2AB00FF3048 /* check.png */,
				D97126D62BA7A2AB00FF3048 /* email.png */,
				D97126E12BA7A2AC00FF3048 /* main-selected.png */,
				D97126D42BA7A2AB00FF3048 /* main.png */,
				D97126D92BA7A2AB00FF3048 /* password.png */,
				D97126D82BA7A2AB00FF3048 /* search.png */,
				D97126D72BA7A2AB00FF3048 /* share.png */,
				D97126DA2BA7A2AB00FF3048 /* signout.png */,
				D97126D52BA7A2AB00FF3048 /* user-selected.png */,
				D97126DD2BA7A2AC00FF3048 /* user.png */,
			);
			path = icons;
			sourceTree = "<group>";
		};
/* End PBXGroup section */

/* Begin PBXNativeTarget section */
		A5CBDB952BA75DD500C81385 /* NewsToDayApp */ = {
			isa = PBXNativeTarget;
			buildConfigurationList = A5CBDBAA2BA75DD900C81385 /* Build configuration list for PBXNativeTarget "NewsToDayApp" */;
			buildPhases = (
				A5CBDB922BA75DD500C81385 /* Sources */,
				A5CBDB932BA75DD500C81385 /* Frameworks */,
				A5CBDB942BA75DD500C81385 /* Resources */,
			);
			buildRules = (
			);
			dependencies = (
			);
			name = NewsToDayApp;
			packageProductDependencies = (
				A5CBDC002BA7ABC000C81385 /* SnapKit */,
				A5CBDC032BA7ABCD00C81385 /* IQKeyboardManagerSwift */,
				A5CBDC062BA7AD2100C81385 /* FirebaseAnalytics */,
				A5CBDC082BA7AD2100C81385 /* FirebaseAnalyticsOnDeviceConversion */,
				A5CBDC0A2BA7AD2100C81385 /* FirebaseAnalyticsSwift */,
				A5CBDC0C2BA7AD2100C81385 /* FirebaseAnalyticsWithoutAdIdSupport */,
				A5CBDC0E2BA7AD2100C81385 /* FirebaseAppCheck */,
				A5CBDC102BA7AD2100C81385 /* FirebaseAppDistribution-Beta */,
				A5CBDC122BA7AD2100C81385 /* FirebaseAuth */,
				A5CBDC142BA7AD2100C81385 /* FirebaseAuthCombine-Community */,
				A5CBDC162BA7AD2100C81385 /* FirebaseCrashlytics */,
				A5CBDC182BA7AD2100C81385 /* FirebaseDatabase */,
				A5CBDC1A2BA7AD2100C81385 /* FirebaseDatabaseSwift */,
				A5CBDC1C2BA7AD2100C81385 /* FirebaseDynamicLinks */,
				A5CBDC1E2BA7AD2100C81385 /* FirebaseFirestore */,
				A5CBDC202BA7AD2100C81385 /* FirebaseFirestoreCombine-Community */,
				A5CBDC222BA7AD2100C81385 /* FirebaseFirestoreSwift */,
				A5CBDC242BA7AD2100C81385 /* FirebaseFunctions */,
				A5CBDC262BA7AD2100C81385 /* FirebaseFunctionsCombine-Community */,
				A5CBDC282BA7AD2100C81385 /* FirebaseInAppMessaging-Beta */,
				A5CBDC2A2BA7AD2100C81385 /* FirebaseInAppMessagingSwift-Beta */,
				A5CBDC2C2BA7AD2100C81385 /* FirebaseInstallations */,
				A5CBDC2E2BA7AD2100C81385 /* FirebaseMLModelDownloader */,
				A5CBDC302BA7AD2100C81385 /* FirebaseMessaging */,
				A5CBDC322BA7AD2100C81385 /* FirebasePerformance */,
				A5CBDC342BA7AD2100C81385 /* FirebaseRemoteConfig */,
				A5CBDC362BA7AD2200C81385 /* FirebaseRemoteConfigSwift */,
				A5CBDC382BA7AD2200C81385 /* FirebaseStorage */,
				A5CBDC3A2BA7AD2200C81385 /* FirebaseStorageCombine-Community */,
				A5CBDC3D2BA7AD3700C81385 /* GoogleSignIn */,
				A5CBDC3F2BA7AD3700C81385 /* GoogleSignInSwift */,
			);
			productName = NewsToDayApp;
			productReference = A5CBDB962BA75DD500C81385 /* NewsToDayApp.app */;
			productType = "com.apple.product-type.application";
		};
/* End PBXNativeTarget section */

/* Begin PBXProject section */
		A5CBDB8E2BA75DD500C81385 /* Project object */ = {
			isa = PBXProject;
			attributes = {
				BuildIndependentTargetsInParallel = 1;
				LastSwiftUpdateCheck = 1520;
				LastUpgradeCheck = 1520;
				TargetAttributes = {
					A5CBDB952BA75DD500C81385 = {
						CreatedOnToolsVersion = 15.2;
					};
				};
			};
			buildConfigurationList = A5CBDB912BA75DD500C81385 /* Build configuration list for PBXProject "NewsToDayApp" */;
			compatibilityVersion = "Xcode 14.0";
			developmentRegion = ru;
			hasScannedForEncodings = 0;
			knownRegions = (
				en,
				Base,
				ru,
			);
			mainGroup = A5CBDB8D2BA75DD500C81385;
			packageReferences = (
				A5CBDBFF2BA7ABC000C81385 /* XCRemoteSwiftPackageReference "SnapKit" */,
				A5CBDC022BA7ABCD00C81385 /* XCRemoteSwiftPackageReference "IQKeyboardManager" */,
				A5CBDC052BA7AD2100C81385 /* XCRemoteSwiftPackageReference "firebase-ios-sdk" */,
				A5CBDC3C2BA7AD3700C81385 /* XCRemoteSwiftPackageReference "GoogleSignIn-iOS" */,
			);
			productRefGroup = A5CBDB972BA75DD500C81385 /* Products */;
			projectDirPath = "";
			projectRoot = "";
			targets = (
				A5CBDB952BA75DD500C81385 /* NewsToDayApp */,
			);
		};
/* End PBXProject section */

/* Begin PBXResourcesBuildPhase section */
		A5CBDB942BA75DD500C81385 /* Resources */ = {
			isa = PBXResourcesBuildPhase;
			buildActionMask = 2147483647;
			files = (
				D97126EC2BA7A2AC00FF3048 /* check.png in Resources */,
				A5CBDBA62BA75DD900C81385 /* LaunchScreen.storyboard in Resources */,
				D9766B642BAB9566000B6AF6 /* bookmark-filled.png in Resources */,
				D97126E52BA7A2AC00FF3048 /* user-selected.png in Resources */,
				D97126CB2BA7906000FF3048 /* Adamina-Regular.ttf in Resources */,
				D97126E82BA7A2AC00FF3048 /* search.png in Resources */,
				A5CBDBA32BA75DD900C81385 /* Assets.xcassets in Resources */,
				D97126CE2BA7906000FF3048 /* Inter-Bold.ttf in Resources */,
				D97126E22BA7A2AC00FF3048 /* angle-right.png in Resources */,
				D97126EF2BA7A2AC00FF3048 /* bookmark-selected.png in Resources */,
				D97126EA2BA7A2AC00FF3048 /* signout.png in Resources */,
				D9766B632BAB9566000B6AF6 /* bookmark-bordered.png in Resources */,
				A5CBDC432BA7AE5E00C81385 /* Localizable.strings in Resources */,
				D97126CC2BA7906000FF3048 /* Inter-SemiBold.ttf in Resources */,
				D97126F02BA7A2AC00FF3048 /* bookmark.png in Resources */,
				D97126E42BA7A2AC00FF3048 /* main.png in Resources */,
				D97126EE2BA7A2AC00FF3048 /* categories.png in Resources */,
				D97126E62BA7A2AC00FF3048 /* email.png in Resources */,
				D97126ED2BA7A2AC00FF3048 /* user.png in Resources */,
				D97126F32BA7A37F00FF3048 /* book-alt.png in Resources */,
				D97126CD2BA7906000FF3048 /* Inter-Regular.ttf in Resources */,
				D97126F12BA7A2AC00FF3048 /* main-selected.png in Resources */,
				D97126E32BA7A2AC00FF3048 /* categories-selected.png in Resources */,
				D97126E92BA7A2AC00FF3048 /* password.png in Resources */,
				D97126CA2BA7906000FF3048 /* Inter-Medium.ttf in Resources */,
				D97126E72BA7A2AC00FF3048 /* share.png in Resources */,
				369AB69B2BB16FA800EBF483 /* noImage.png in Resources */,
			);
			runOnlyForDeploymentPostprocessing = 0;
		};
/* End PBXResourcesBuildPhase section */

/* Begin PBXSourcesBuildPhase section */
		A5CBDB922BA75DD500C81385 /* Sources */ = {
			isa = PBXSourcesBuildPhase;
			buildActionMask = 2147483647;
			files = (
				A5CBDBC52BA7630F00C81385 /* MainRouter.swift in Sources */,
				369AB63E2BA97A5300EBF483 /* ArticleCouruselCell.swift in Sources */,
				369AB61F2BA88B6300EBF483 /* ConstColors.swift in Sources */,
				D97126FD2BAA01EA00FF3048 /* ImageManager.swift in Sources */,
				A5CBDBCD2BA76E3D00C81385 /* MainView.swift in Sources */,
				369AB6822BAD909A00EBF483 /* MockData.swift in Sources */,
				369AB6672BAC4ACB00EBF483 /* BookmarksPresenter.swift in Sources */,
				369AB6952BADB41400EBF483 /* RecomendedBuilder.swift in Sources */,
				369AB67D2BAC8F2400EBF483 /* CategoriesPresenter.swift in Sources */,
				A5CBDB9A2BA75DD500C81385 /* AppDelegate.swift in Sources */,
				369AB6402BA97A6C00EBF483 /* RecomendedCell.swift in Sources */,
				369AB6932BADB30700EBF483 /* RecomendedPresenter.swift in Sources */,
				369AB67F2BAC8F9800EBF483 /* CategoriesRouter.swift in Sources */,
				A5CBDBEB2BA7734300C81385 /* UIBezierPath+createCurve.swift in Sources */,
				369AB67B2BAC8EA800EBF483 /* CategoriesViewController.swift in Sources */,
				369AB6392BA976EB00EBF483 /* ListSectionModel.swift in Sources */,
				369AB6432BA9A07600EBF483 /* HeaderRecomendedView.swift in Sources */,
				A5CBDB9C2BA75DD500C81385 /* SceneDelegate.swift in Sources */,
				A5CBDBC92BA7638500C81385 /* CustomView.swift in Sources */,
				D97126F72BA9F31200FF3048 /* Article.swift in Sources */,
				369AB6632BAC4A5100EBF483 /* BookmarksView.swift in Sources */,
				369AB62F2BA8CADB00EBF483 /* ButtonsFactory.swift in Sources */,
				A5CBDBF82BA77E0100C81385 /* ProfileRouter.swift in Sources */,
				369AB6312BA972C000EBF483 /* CompositionalLayout.swift in Sources */,
				A5CBDBC72BA7637700C81385 /* CustomViewController.swift in Sources */,
				367268D82BB2A107007E82E6 /* OneItem.swift in Sources */,
				D97126FF2BAA099F00FF3048 /* NetworkError.swift in Sources */,
				A5CBDBFC2BA77F8000C81385 /* ProfileView.swift in Sources */,
				A5CBDBE82BA772B300C81385 /* CustomTabBar.swift in Sources */,
				D97126FB2BAA01C300FF3048 /* NetworkManager.swift in Sources */,
				A5CBDBED2BA776C100C81385 /* TabBarPresenter.swift in Sources */,
				369AB6772BAC8D6900EBF483 /* CategoriesBuilder.swift in Sources */,
				369AB6542BAB2A0200EBF483 /* DetailArticleViewController.swift in Sources */,
				369AB63C2BA97A3800EBF483 /* CategoriesCell.swift in Sources */,
				369AB6692BAC4B7D00EBF483 /* BookmarksRouter.swift in Sources */,
				369AB69D2BB19D2200EBF483 /* SpinnersFactory.swift in Sources */,
				367268DA2BB2C480007E82E6 /* PaddingLabel.swift in Sources */,
				369AB6912BADB1CD00EBF483 /* RecomendedViewController.swift in Sources */,
				369AB6522BAB29D100EBF483 /* DetailArticleView.swift in Sources */,
				369AB61B2BA8833A00EBF483 /* UIImageView + ext.swift in Sources */,
				369AB6582BAC3AA700EBF483 /* DetailArticleBuilder.swift in Sources */,
				369AB6972BADB4D000EBF483 /* RecomendedRouter.swift in Sources */,
				369AB62D2BA8BB7800EBF483 /* ImageViewsFactory.swift in Sources */,
				369AB6792BAC8E8200EBF483 /* CategoriesView.swift in Sources */,
				367268DC2BB2D1E3007E82E6 /* String + ext.swift in Sources */,
				369AB66E2BAC5E6E00EBF483 /* BookmarksCell.swift in Sources */,
				D97126F52BA7A3B500FF3048 /* Images.swift in Sources */,
				369AB6562BAC3A5F00EBF483 /* DetailArticleRouter.swift in Sources */,
				369AB6192BA87E6600EBF483 /* Labels + ext.swift in Sources */,
				A5CBDBFE2BA77FEB00C81385 /* ProfileBuilder.swift in Sources */,
				369AB6352BA9752A00EBF483 /* MockItem.swift in Sources */,
				A5CBDBBC2BA7618D00C81385 /* MainBuilder.swift in Sources */,
				369AB6492BA9DB3C00EBF483 /* UIImage + ext.swift in Sources */,
				A5CBDBC32BA7627F00C81385 /* MainPresenter.swift in Sources */,
				369AB66B2BAC4C5B00EBF483 /* BookmarksBuilder.swift in Sources */,
				D97126F92BAA005A00FF3048 /* NewsManager.swift in Sources */,
				A5CBDBFA2BA77F4900C81385 /* ProfileViewController.swift in Sources */,
				369AB65A2BAC3DD000EBF483 /* DetailArticlePresenter.swift in Sources */,
				369AB62B2BA8BB6200EBF483 /* LabelsFactory.swift in Sources */,
				A5CBDBCB2BA76E1200C81385 /* MainViewController.swift in Sources */,
				D97126D02BA7910C00FF3048 /* Fonts.swift in Sources */,
				369AB6472BA9C95400EBF483 /* SearchBarView.swift in Sources */,
				369AB6652BAC4A6B00EBF483 /* BookmarksViewController.swift in Sources */,
				369AB6842BAD962C00EBF483 /* CategoriesModel.swift in Sources */,
				369AB68F2BADB11300EBF483 /* RecomendedView.swift in Sources */,
				A5CBDBF62BA77C1000C81385 /* ProfilePresenter.swift in Sources */,
			);
			runOnlyForDeploymentPostprocessing = 0;
		};
/* End PBXSourcesBuildPhase section */

/* Begin PBXVariantGroup section */
		A5CBDBA42BA75DD900C81385 /* LaunchScreen.storyboard */ = {
			isa = PBXVariantGroup;
			children = (
				A5CBDBA52BA75DD900C81385 /* Base */,
			);
			name = LaunchScreen.storyboard;
			sourceTree = "<group>";
		};
		A5CBDC452BA7AE5E00C81385 /* Localizable.strings */ = {
			isa = PBXVariantGroup;
			children = (
				A5CBDC442BA7AE5E00C81385 /* en */,
				A5CBDC462BA7AE7500C81385 /* ru */,
			);
			name = Localizable.strings;
			sourceTree = "<group>";
		};
/* End PBXVariantGroup section */

/* Begin XCBuildConfiguration section */
		A5CBDBA82BA75DD900C81385 /* Debug */ = {
			isa = XCBuildConfiguration;
			buildSettings = {
				ALWAYS_SEARCH_USER_PATHS = NO;
				ASSETCATALOG_COMPILER_GENERATE_SWIFT_ASSET_SYMBOL_EXTENSIONS = YES;
				CLANG_ANALYZER_LOCALIZABILITY_NONLOCALIZED = YES;
				CLANG_ANALYZER_NONNULL = YES;
				CLANG_ANALYZER_NUMBER_OBJECT_CONVERSION = YES_AGGRESSIVE;
				CLANG_CXX_LANGUAGE_STANDARD = "gnu++20";
				CLANG_ENABLE_MODULES = YES;
				CLANG_ENABLE_OBJC_ARC = YES;
				CLANG_ENABLE_OBJC_WEAK = YES;
				CLANG_WARN_BLOCK_CAPTURE_AUTORELEASING = YES;
				CLANG_WARN_BOOL_CONVERSION = YES;
				CLANG_WARN_COMMA = YES;
				CLANG_WARN_CONSTANT_CONVERSION = YES;
				CLANG_WARN_DEPRECATED_OBJC_IMPLEMENTATIONS = YES;
				CLANG_WARN_DIRECT_OBJC_ISA_USAGE = YES_ERROR;
				CLANG_WARN_DOCUMENTATION_COMMENTS = YES;
				CLANG_WARN_EMPTY_BODY = YES;
				CLANG_WARN_ENUM_CONVERSION = YES;
				CLANG_WARN_INFINITE_RECURSION = YES;
				CLANG_WARN_INT_CONVERSION = YES;
				CLANG_WARN_NON_LITERAL_NULL_CONVERSION = YES;
				CLANG_WARN_OBJC_IMPLICIT_RETAIN_SELF = YES;
				CLANG_WARN_OBJC_LITERAL_CONVERSION = YES;
				CLANG_WARN_OBJC_ROOT_CLASS = YES_ERROR;
				CLANG_WARN_QUOTED_INCLUDE_IN_FRAMEWORK_HEADER = YES;
				CLANG_WARN_RANGE_LOOP_ANALYSIS = YES;
				CLANG_WARN_STRICT_PROTOTYPES = YES;
				CLANG_WARN_SUSPICIOUS_MOVE = YES;
				CLANG_WARN_UNGUARDED_AVAILABILITY = YES_AGGRESSIVE;
				CLANG_WARN_UNREACHABLE_CODE = YES;
				CLANG_WARN__DUPLICATE_METHOD_MATCH = YES;
				COPY_PHASE_STRIP = NO;
				DEBUG_INFORMATION_FORMAT = dwarf;
				ENABLE_STRICT_OBJC_MSGSEND = YES;
				ENABLE_TESTABILITY = YES;
				ENABLE_USER_SCRIPT_SANDBOXING = YES;
				GCC_C_LANGUAGE_STANDARD = gnu17;
				GCC_DYNAMIC_NO_PIC = NO;
				GCC_NO_COMMON_BLOCKS = YES;
				GCC_OPTIMIZATION_LEVEL = 0;
				GCC_PREPROCESSOR_DEFINITIONS = (
					"DEBUG=1",
					"$(inherited)",
				);
				GCC_WARN_64_TO_32_BIT_CONVERSION = YES;
				GCC_WARN_ABOUT_RETURN_TYPE = YES_ERROR;
				GCC_WARN_UNDECLARED_SELECTOR = YES;
				GCC_WARN_UNINITIALIZED_AUTOS = YES_AGGRESSIVE;
				GCC_WARN_UNUSED_FUNCTION = YES;
				GCC_WARN_UNUSED_VARIABLE = YES;
				IPHONEOS_DEPLOYMENT_TARGET = 17.2;
				LOCALIZATION_PREFERS_STRING_CATALOGS = YES;
				MTL_ENABLE_DEBUG_INFO = INCLUDE_SOURCE;
				MTL_FAST_MATH = YES;
				ONLY_ACTIVE_ARCH = YES;
				SDKROOT = iphoneos;
				SWIFT_ACTIVE_COMPILATION_CONDITIONS = "DEBUG $(inherited)";
				SWIFT_OPTIMIZATION_LEVEL = "-Onone";
			};
			name = Debug;
		};
		A5CBDBA92BA75DD900C81385 /* Release */ = {
			isa = XCBuildConfiguration;
			buildSettings = {
				ALWAYS_SEARCH_USER_PATHS = NO;
				ASSETCATALOG_COMPILER_GENERATE_SWIFT_ASSET_SYMBOL_EXTENSIONS = YES;
				CLANG_ANALYZER_LOCALIZABILITY_NONLOCALIZED = YES;
				CLANG_ANALYZER_NONNULL = YES;
				CLANG_ANALYZER_NUMBER_OBJECT_CONVERSION = YES_AGGRESSIVE;
				CLANG_CXX_LANGUAGE_STANDARD = "gnu++20";
				CLANG_ENABLE_MODULES = YES;
				CLANG_ENABLE_OBJC_ARC = YES;
				CLANG_ENABLE_OBJC_WEAK = YES;
				CLANG_WARN_BLOCK_CAPTURE_AUTORELEASING = YES;
				CLANG_WARN_BOOL_CONVERSION = YES;
				CLANG_WARN_COMMA = YES;
				CLANG_WARN_CONSTANT_CONVERSION = YES;
				CLANG_WARN_DEPRECATED_OBJC_IMPLEMENTATIONS = YES;
				CLANG_WARN_DIRECT_OBJC_ISA_USAGE = YES_ERROR;
				CLANG_WARN_DOCUMENTATION_COMMENTS = YES;
				CLANG_WARN_EMPTY_BODY = YES;
				CLANG_WARN_ENUM_CONVERSION = YES;
				CLANG_WARN_INFINITE_RECURSION = YES;
				CLANG_WARN_INT_CONVERSION = YES;
				CLANG_WARN_NON_LITERAL_NULL_CONVERSION = YES;
				CLANG_WARN_OBJC_IMPLICIT_RETAIN_SELF = YES;
				CLANG_WARN_OBJC_LITERAL_CONVERSION = YES;
				CLANG_WARN_OBJC_ROOT_CLASS = YES_ERROR;
				CLANG_WARN_QUOTED_INCLUDE_IN_FRAMEWORK_HEADER = YES;
				CLANG_WARN_RANGE_LOOP_ANALYSIS = YES;
				CLANG_WARN_STRICT_PROTOTYPES = YES;
				CLANG_WARN_SUSPICIOUS_MOVE = YES;
				CLANG_WARN_UNGUARDED_AVAILABILITY = YES_AGGRESSIVE;
				CLANG_WARN_UNREACHABLE_CODE = YES;
				CLANG_WARN__DUPLICATE_METHOD_MATCH = YES;
				COPY_PHASE_STRIP = NO;
				DEBUG_INFORMATION_FORMAT = "dwarf-with-dsym";
				ENABLE_NS_ASSERTIONS = NO;
				ENABLE_STRICT_OBJC_MSGSEND = YES;
				ENABLE_USER_SCRIPT_SANDBOXING = YES;
				GCC_C_LANGUAGE_STANDARD = gnu17;
				GCC_NO_COMMON_BLOCKS = YES;
				GCC_WARN_64_TO_32_BIT_CONVERSION = YES;
				GCC_WARN_ABOUT_RETURN_TYPE = YES_ERROR;
				GCC_WARN_UNDECLARED_SELECTOR = YES;
				GCC_WARN_UNINITIALIZED_AUTOS = YES_AGGRESSIVE;
				GCC_WARN_UNUSED_FUNCTION = YES;
				GCC_WARN_UNUSED_VARIABLE = YES;
				IPHONEOS_DEPLOYMENT_TARGET = 17.2;
				LOCALIZATION_PREFERS_STRING_CATALOGS = YES;
				MTL_ENABLE_DEBUG_INFO = NO;
				MTL_FAST_MATH = YES;
				SDKROOT = iphoneos;
				SWIFT_COMPILATION_MODE = wholemodule;
				VALIDATE_PRODUCT = YES;
			};
			name = Release;
		};
		A5CBDBAB2BA75DD900C81385 /* Debug */ = {
			isa = XCBuildConfiguration;
			buildSettings = {
				ASSETCATALOG_COMPILER_APPICON_NAME = AppIcon;
				ASSETCATALOG_COMPILER_GLOBAL_ACCENT_COLOR_NAME = AccentColor;
				CODE_SIGN_STYLE = Automatic;
				CURRENT_PROJECT_VERSION = 1;
				DEVELOPMENT_TEAM = TWQL7PLAUC;
				GENERATE_INFOPLIST_FILE = YES;
				INFOPLIST_FILE = NewsToDayApp/Resources/Info.plist;
				INFOPLIST_KEY_LSApplicationCategoryType = "public.app-category.news";
				INFOPLIST_KEY_UIApplicationSupportsIndirectInputEvents = YES;
				INFOPLIST_KEY_UILaunchStoryboardName = LaunchScreen;
				INFOPLIST_KEY_UISupportedInterfaceOrientations = "UIInterfaceOrientationLandscapeLeft UIInterfaceOrientationLandscapeRight UIInterfaceOrientationPortrait";
				INFOPLIST_KEY_UISupportedInterfaceOrientations_iPad = "UIInterfaceOrientationLandscapeLeft UIInterfaceOrientationLandscapeRight UIInterfaceOrientationPortrait UIInterfaceOrientationPortraitUpsideDown";
				IPHONEOS_DEPLOYMENT_TARGET = 15.0;
				LD_RUNPATH_SEARCH_PATHS = (
					"$(inherited)",
					"@executable_path/Frameworks",
				);
				MARKETING_VERSION = 1.0;
				PRODUCT_BUNDLE_IDENTIFIER = "zvontsov-adadigital.ru.NewsToDayApp";
				PRODUCT_NAME = "$(TARGET_NAME)";
				SUPPORTED_PLATFORMS = "iphoneos iphonesimulator";
				SUPPORTS_MACCATALYST = NO;
				SUPPORTS_MAC_DESIGNED_FOR_IPHONE_IPAD = NO;
				SUPPORTS_XR_DESIGNED_FOR_IPHONE_IPAD = NO;
				SWIFT_EMIT_LOC_STRINGS = YES;
				SWIFT_VERSION = 5.0;
				TARGETED_DEVICE_FAMILY = 1;
			};
			name = Debug;
		};
		A5CBDBAC2BA75DD900C81385 /* Release */ = {
			isa = XCBuildConfiguration;
			buildSettings = {
				ASSETCATALOG_COMPILER_APPICON_NAME = AppIcon;
				ASSETCATALOG_COMPILER_GLOBAL_ACCENT_COLOR_NAME = AccentColor;
				CODE_SIGN_STYLE = Automatic;
				CURRENT_PROJECT_VERSION = 1;
				DEVELOPMENT_TEAM = TWQL7PLAUC;
				GENERATE_INFOPLIST_FILE = YES;
				INFOPLIST_FILE = NewsToDayApp/Resources/Info.plist;
				INFOPLIST_KEY_LSApplicationCategoryType = "public.app-category.news";
				INFOPLIST_KEY_UIApplicationSupportsIndirectInputEvents = YES;
				INFOPLIST_KEY_UILaunchStoryboardName = LaunchScreen;
				INFOPLIST_KEY_UISupportedInterfaceOrientations = "UIInterfaceOrientationLandscapeLeft UIInterfaceOrientationLandscapeRight UIInterfaceOrientationPortrait";
				INFOPLIST_KEY_UISupportedInterfaceOrientations_iPad = "UIInterfaceOrientationLandscapeLeft UIInterfaceOrientationLandscapeRight UIInterfaceOrientationPortrait UIInterfaceOrientationPortraitUpsideDown";
				IPHONEOS_DEPLOYMENT_TARGET = 15.0;
				LD_RUNPATH_SEARCH_PATHS = (
					"$(inherited)",
					"@executable_path/Frameworks",
				);
				MARKETING_VERSION = 1.0;
				PRODUCT_BUNDLE_IDENTIFIER = "zvontsov-adadigital.ru.NewsToDayApp";
				PRODUCT_NAME = "$(TARGET_NAME)";
				SUPPORTED_PLATFORMS = "iphoneos iphonesimulator";
				SUPPORTS_MACCATALYST = NO;
				SUPPORTS_MAC_DESIGNED_FOR_IPHONE_IPAD = NO;
				SUPPORTS_XR_DESIGNED_FOR_IPHONE_IPAD = NO;
				SWIFT_EMIT_LOC_STRINGS = YES;
				SWIFT_VERSION = 5.0;
				TARGETED_DEVICE_FAMILY = 1;
			};
			name = Release;
		};
/* End XCBuildConfiguration section */

/* Begin XCConfigurationList section */
		A5CBDB912BA75DD500C81385 /* Build configuration list for PBXProject "NewsToDayApp" */ = {
			isa = XCConfigurationList;
			buildConfigurations = (
				A5CBDBA82BA75DD900C81385 /* Debug */,
				A5CBDBA92BA75DD900C81385 /* Release */,
			);
			defaultConfigurationIsVisible = 0;
			defaultConfigurationName = Release;
		};
		A5CBDBAA2BA75DD900C81385 /* Build configuration list for PBXNativeTarget "NewsToDayApp" */ = {
			isa = XCConfigurationList;
			buildConfigurations = (
				A5CBDBAB2BA75DD900C81385 /* Debug */,
				A5CBDBAC2BA75DD900C81385 /* Release */,
			);
			defaultConfigurationIsVisible = 0;
			defaultConfigurationName = Release;
		};
/* End XCConfigurationList section */

/* Begin XCRemoteSwiftPackageReference section */
		A5CBDBFF2BA7ABC000C81385 /* XCRemoteSwiftPackageReference "SnapKit" */ = {
			isa = XCRemoteSwiftPackageReference;
			repositoryURL = "https://github.com/SnapKit/SnapKit.git";
			requirement = {
				kind = upToNextMajorVersion;
				minimumVersion = 5.7.1;
			};
		};
		A5CBDC022BA7ABCD00C81385 /* XCRemoteSwiftPackageReference "IQKeyboardManager" */ = {
			isa = XCRemoteSwiftPackageReference;
			repositoryURL = "https://github.com/hackiftekhar/IQKeyboardManager.git";
			requirement = {
				kind = upToNextMajorVersion;
				minimumVersion = 7.0.1;
			};
		};
		A5CBDC052BA7AD2100C81385 /* XCRemoteSwiftPackageReference "firebase-ios-sdk" */ = {
			isa = XCRemoteSwiftPackageReference;
			repositoryURL = "https://github.com/firebase/firebase-ios-sdk.git";
			requirement = {
				kind = upToNextMajorVersion;
				minimumVersion = 10.22.1;
			};
		};
		A5CBDC3C2BA7AD3700C81385 /* XCRemoteSwiftPackageReference "GoogleSignIn-iOS" */ = {
			isa = XCRemoteSwiftPackageReference;
			repositoryURL = "https://github.com/google/GoogleSignIn-iOS";
			requirement = {
				kind = upToNextMajorVersion;
				minimumVersion = 7.0.0;
			};
		};
/* End XCRemoteSwiftPackageReference section */

/* Begin XCSwiftPackageProductDependency section */
		A5CBDC002BA7ABC000C81385 /* SnapKit */ = {
			isa = XCSwiftPackageProductDependency;
			package = A5CBDBFF2BA7ABC000C81385 /* XCRemoteSwiftPackageReference "SnapKit" */;
			productName = SnapKit;
		};
		A5CBDC032BA7ABCD00C81385 /* IQKeyboardManagerSwift */ = {
			isa = XCSwiftPackageProductDependency;
			package = A5CBDC022BA7ABCD00C81385 /* XCRemoteSwiftPackageReference "IQKeyboardManager" */;
			productName = IQKeyboardManagerSwift;
		};
		A5CBDC062BA7AD2100C81385 /* FirebaseAnalytics */ = {
			isa = XCSwiftPackageProductDependency;
			package = A5CBDC052BA7AD2100C81385 /* XCRemoteSwiftPackageReference "firebase-ios-sdk" */;
			productName = FirebaseAnalytics;
		};
		A5CBDC082BA7AD2100C81385 /* FirebaseAnalyticsOnDeviceConversion */ = {
			isa = XCSwiftPackageProductDependency;
			package = A5CBDC052BA7AD2100C81385 /* XCRemoteSwiftPackageReference "firebase-ios-sdk" */;
			productName = FirebaseAnalyticsOnDeviceConversion;
		};
		A5CBDC0A2BA7AD2100C81385 /* FirebaseAnalyticsSwift */ = {
			isa = XCSwiftPackageProductDependency;
			package = A5CBDC052BA7AD2100C81385 /* XCRemoteSwiftPackageReference "firebase-ios-sdk" */;
			productName = FirebaseAnalyticsSwift;
		};
		A5CBDC0C2BA7AD2100C81385 /* FirebaseAnalyticsWithoutAdIdSupport */ = {
			isa = XCSwiftPackageProductDependency;
			package = A5CBDC052BA7AD2100C81385 /* XCRemoteSwiftPackageReference "firebase-ios-sdk" */;
			productName = FirebaseAnalyticsWithoutAdIdSupport;
		};
		A5CBDC0E2BA7AD2100C81385 /* FirebaseAppCheck */ = {
			isa = XCSwiftPackageProductDependency;
			package = A5CBDC052BA7AD2100C81385 /* XCRemoteSwiftPackageReference "firebase-ios-sdk" */;
			productName = FirebaseAppCheck;
		};
		A5CBDC102BA7AD2100C81385 /* FirebaseAppDistribution-Beta */ = {
			isa = XCSwiftPackageProductDependency;
			package = A5CBDC052BA7AD2100C81385 /* XCRemoteSwiftPackageReference "firebase-ios-sdk" */;
			productName = "FirebaseAppDistribution-Beta";
		};
		A5CBDC122BA7AD2100C81385 /* FirebaseAuth */ = {
			isa = XCSwiftPackageProductDependency;
			package = A5CBDC052BA7AD2100C81385 /* XCRemoteSwiftPackageReference "firebase-ios-sdk" */;
			productName = FirebaseAuth;
		};
		A5CBDC142BA7AD2100C81385 /* FirebaseAuthCombine-Community */ = {
			isa = XCSwiftPackageProductDependency;
			package = A5CBDC052BA7AD2100C81385 /* XCRemoteSwiftPackageReference "firebase-ios-sdk" */;
			productName = "FirebaseAuthCombine-Community";
		};
		A5CBDC162BA7AD2100C81385 /* FirebaseCrashlytics */ = {
			isa = XCSwiftPackageProductDependency;
			package = A5CBDC052BA7AD2100C81385 /* XCRemoteSwiftPackageReference "firebase-ios-sdk" */;
			productName = FirebaseCrashlytics;
		};
		A5CBDC182BA7AD2100C81385 /* FirebaseDatabase */ = {
			isa = XCSwiftPackageProductDependency;
			package = A5CBDC052BA7AD2100C81385 /* XCRemoteSwiftPackageReference "firebase-ios-sdk" */;
			productName = FirebaseDatabase;
		};
		A5CBDC1A2BA7AD2100C81385 /* FirebaseDatabaseSwift */ = {
			isa = XCSwiftPackageProductDependency;
			package = A5CBDC052BA7AD2100C81385 /* XCRemoteSwiftPackageReference "firebase-ios-sdk" */;
			productName = FirebaseDatabaseSwift;
		};
		A5CBDC1C2BA7AD2100C81385 /* FirebaseDynamicLinks */ = {
			isa = XCSwiftPackageProductDependency;
			package = A5CBDC052BA7AD2100C81385 /* XCRemoteSwiftPackageReference "firebase-ios-sdk" */;
			productName = FirebaseDynamicLinks;
		};
		A5CBDC1E2BA7AD2100C81385 /* FirebaseFirestore */ = {
			isa = XCSwiftPackageProductDependency;
			package = A5CBDC052BA7AD2100C81385 /* XCRemoteSwiftPackageReference "firebase-ios-sdk" */;
			productName = FirebaseFirestore;
		};
		A5CBDC202BA7AD2100C81385 /* FirebaseFirestoreCombine-Community */ = {
			isa = XCSwiftPackageProductDependency;
			package = A5CBDC052BA7AD2100C81385 /* XCRemoteSwiftPackageReference "firebase-ios-sdk" */;
			productName = "FirebaseFirestoreCombine-Community";
		};
		A5CBDC222BA7AD2100C81385 /* FirebaseFirestoreSwift */ = {
			isa = XCSwiftPackageProductDependency;
			package = A5CBDC052BA7AD2100C81385 /* XCRemoteSwiftPackageReference "firebase-ios-sdk" */;
			productName = FirebaseFirestoreSwift;
		};
		A5CBDC242BA7AD2100C81385 /* FirebaseFunctions */ = {
			isa = XCSwiftPackageProductDependency;
			package = A5CBDC052BA7AD2100C81385 /* XCRemoteSwiftPackageReference "firebase-ios-sdk" */;
			productName = FirebaseFunctions;
		};
		A5CBDC262BA7AD2100C81385 /* FirebaseFunctionsCombine-Community */ = {
			isa = XCSwiftPackageProductDependency;
			package = A5CBDC052BA7AD2100C81385 /* XCRemoteSwiftPackageReference "firebase-ios-sdk" */;
			productName = "FirebaseFunctionsCombine-Community";
		};
		A5CBDC282BA7AD2100C81385 /* FirebaseInAppMessaging-Beta */ = {
			isa = XCSwiftPackageProductDependency;
			package = A5CBDC052BA7AD2100C81385 /* XCRemoteSwiftPackageReference "firebase-ios-sdk" */;
			productName = "FirebaseInAppMessaging-Beta";
		};
		A5CBDC2A2BA7AD2100C81385 /* FirebaseInAppMessagingSwift-Beta */ = {
			isa = XCSwiftPackageProductDependency;
			package = A5CBDC052BA7AD2100C81385 /* XCRemoteSwiftPackageReference "firebase-ios-sdk" */;
			productName = "FirebaseInAppMessagingSwift-Beta";
		};
		A5CBDC2C2BA7AD2100C81385 /* FirebaseInstallations */ = {
			isa = XCSwiftPackageProductDependency;
			package = A5CBDC052BA7AD2100C81385 /* XCRemoteSwiftPackageReference "firebase-ios-sdk" */;
			productName = FirebaseInstallations;
		};
		A5CBDC2E2BA7AD2100C81385 /* FirebaseMLModelDownloader */ = {
			isa = XCSwiftPackageProductDependency;
			package = A5CBDC052BA7AD2100C81385 /* XCRemoteSwiftPackageReference "firebase-ios-sdk" */;
			productName = FirebaseMLModelDownloader;
		};
		A5CBDC302BA7AD2100C81385 /* FirebaseMessaging */ = {
			isa = XCSwiftPackageProductDependency;
			package = A5CBDC052BA7AD2100C81385 /* XCRemoteSwiftPackageReference "firebase-ios-sdk" */;
			productName = FirebaseMessaging;
		};
		A5CBDC322BA7AD2100C81385 /* FirebasePerformance */ = {
			isa = XCSwiftPackageProductDependency;
			package = A5CBDC052BA7AD2100C81385 /* XCRemoteSwiftPackageReference "firebase-ios-sdk" */;
			productName = FirebasePerformance;
		};
		A5CBDC342BA7AD2100C81385 /* FirebaseRemoteConfig */ = {
			isa = XCSwiftPackageProductDependency;
			package = A5CBDC052BA7AD2100C81385 /* XCRemoteSwiftPackageReference "firebase-ios-sdk" */;
			productName = FirebaseRemoteConfig;
		};
		A5CBDC362BA7AD2200C81385 /* FirebaseRemoteConfigSwift */ = {
			isa = XCSwiftPackageProductDependency;
			package = A5CBDC052BA7AD2100C81385 /* XCRemoteSwiftPackageReference "firebase-ios-sdk" */;
			productName = FirebaseRemoteConfigSwift;
		};
		A5CBDC382BA7AD2200C81385 /* FirebaseStorage */ = {
			isa = XCSwiftPackageProductDependency;
			package = A5CBDC052BA7AD2100C81385 /* XCRemoteSwiftPackageReference "firebase-ios-sdk" */;
			productName = FirebaseStorage;
		};
		A5CBDC3A2BA7AD2200C81385 /* FirebaseStorageCombine-Community */ = {
			isa = XCSwiftPackageProductDependency;
			package = A5CBDC052BA7AD2100C81385 /* XCRemoteSwiftPackageReference "firebase-ios-sdk" */;
			productName = "FirebaseStorageCombine-Community";
		};
		A5CBDC3D2BA7AD3700C81385 /* GoogleSignIn */ = {
			isa = XCSwiftPackageProductDependency;
			package = A5CBDC3C2BA7AD3700C81385 /* XCRemoteSwiftPackageReference "GoogleSignIn-iOS" */;
			productName = GoogleSignIn;
		};
		A5CBDC3F2BA7AD3700C81385 /* GoogleSignInSwift */ = {
			isa = XCSwiftPackageProductDependency;
			package = A5CBDC3C2BA7AD3700C81385 /* XCRemoteSwiftPackageReference "GoogleSignIn-iOS" */;
			productName = GoogleSignInSwift;
		};
/* End XCSwiftPackageProductDependency section */
	};
	rootObject = A5CBDB8E2BA75DD500C81385 /* Project object */;
}
